
Microsoft Visual Studio Solution File, Format Version 12.00
# Visual Studio 15
VisualStudioVersion = 15.0.28307.779
MinimumVisualStudioVersion = 10.0.40219.1
Project("{8BC9CEB8-8B4A-11D0-8D11-00A0C91BC942}") = "HmiMain", "HmiMain\HmiMain.vcxproj", "{A7C51927-54AE-4523-A200-A3A208632076}"
EndProject
Project("{2150E333-8FDC-42A3-9474-1A3956D46DE8}") = "ThirdPart", "ThirdPart", "{9B1A6C6F-062A-42D3-9B85-2C898592E2C5}"
EndProject
Project("{2150E333-8FDC-42A3-9474-1A3956D46DE8}") = "WIN32", "WIN32", "{B503A153-FD9D-49D6-994C-C9473C19D19C}"
EndProject
Project("{2150E333-8FDC-42A3-9474-1A3956D46DE8}") = "HmiPart", "HmiPart", "{767B2DDD-6B29-457F-9726-5A0BC0D67EE0}"
EndProject
Project("{2150E333-8FDC-42A3-9474-1A3956D46DE8}") = "OSLayer", "OSLayer", "{0064748C-6EA3-4FC3-91A4-D40429BE5939}"
EndProject
Project("{2150E333-8FDC-42A3-9474-1A3956D46DE8}") = "Service", "Service", "{D30DDB93-E926-45A0-9F47-D32D4D0F3041}"
EndProject
Project("{8BC9CEB8-8B4A-11D0-8D11-00A0C91BC942}") = "HmiPrinterService", "HmiPart\Service\HmiPrinterService\HmiPrinterService.vcxproj", "{A1932B5E-E2E0-4F33-A817-F20D5E93EB60}"
EndProject
Project("{8BC9CEB8-8B4A-11D0-8D11-00A0C91BC942}") = "HmiStorageService", "HmiPart\Service\HmiStorageService\HmiStorageService.vcxproj", "{05AF489D-AAAB-44A6-898C-25CD221A23ED}"
EndProject
Project("{8BC9CEB8-8B4A-11D0-8D11-00A0C91BC942}") = "Project", "HmiPart\Project\Project.vcxproj", "{838B1209-0D49-41D1-987C-9D661F341C95}"
EndProject
Project("{8BC9CEB8-8B4A-11D0-8D11-00A0C91BC942}") = "UIControl", "HmiPart\UIControl\UIControl.vcxproj", "{3E7FD125-E6A3-4157-8DE8-88EEE14C0EC8}"
EndProject
Project("{8BC9CEB8-8B4A-11D0-8D11-00A0C91BC942}") = "System", "OSLayer\System\System.vcxproj", "{261C6C66-EBD7-42EB-BE9F-32337F3B15CE}"
EndProject
Project("{8BC9CEB8-8B4A-11D0-8D11-00A0C91BC942}") = "HmiBuilderLib", "WIN32Lib\HmiBuilderLib\HmiBuilderLib.vcxproj", "{C2C2A4EA-4E49-48F9-872D-7F1A3EDFEEFC}"
EndProject
Project("{8BC9CEB8-8B4A-11D0-8D11-00A0C91BC942}") = "HmiRenderLib", "WIN32Lib\HmiRenderLib\HmiRenderLib.vcxproj", "{80FD07FA-AFCE-4902-87C0-28E13604F6DC}"
EndProject
Project("{8BC9CEB8-8B4A-11D0-8D11-00A0C91BC942}") = "HmiTest", "HmiTest\FLTKMain.vcxproj", "{AF968C44-C6B7-4051-B9DD-9881A7F4970A}"
EndProject
Project("{8BC9CEB8-8B4A-11D0-8D11-00A0C91BC942}") = "Json", "ThirdPart\json\Json.vcxproj", "{C6A8A155-A1F0-4E14-AA89-64352F369ACD}"
EndProject
Project("{8BC9CEB8-8B4A-11D0-8D11-00A0C91BC942}") = "fltk", "ThirdPart\FLTK\ide\VisualC2010\fltk.lib.vcxproj", "{E070AAFC-9D03-41A3-BC7D-30887EA0D50F}"
EndProject
Project("{8BC9CEB8-8B4A-11D0-8D11-00A0C91BC942}") = "sqlite", "ThirdPart\sqlite\sqlite3.vcxproj", "{A90E61CB-179F-4972-810B-D4FFC2EFF389}"
EndProject
Project("{8BC9CEB8-8B4A-11D0-8D11-00A0C91BC942}") = "HmiUtility", "HmiPart\HmiUtility\HmiUtility.vcxproj", "{15DA0A7D-B60B-468A-922F-D78B5CC642F3}"
EndProject
Project("{8BC9CEB8-8B4A-11D0-8D11-00A0C91BC942}") = "HmiCore", "HmiPart\HmiCore\HmiCore.vcxproj", "{85439FD0-5785-42F4-A295-C0EB0D82457F}"
EndProject
Project("{8BC9CEB8-8B4A-11D0-8D11-00A0C91BC942}") = "HmiComm", "HmiPart\HmiComm\HmiComm.vcxproj", "{7D1327F4-41C5-4F99-9AF7-EDD580D0E568}"
EndProject
Project("{8BC9CEB8-8B4A-11D0-8D11-00A0C91BC942}") = "MsgQueue", "HmiPart\MsgQueue\MsgQueue.vcxproj", "{46D87FD6-5396-4F26-95FA-61077BB18963}"
EndProject
Project("{8BC9CEB8-8B4A-11D0-8D11-00A0C91BC942}") = "HmiUIManager", "HmiPart\HmiUIManager\HmiUIManger.vcxproj", "{64E722D6-2480-4211-A2BF-8CCDBD42F222}"
EndProject
Project("{8BC9CEB8-8B4A-11D0-8D11-00A0C91BC942}") = "googlepinyin", "ThirdPart\googlepinyin\googlepinyin\googlepinyin.vcxproj", "{67E8DD22-60F3-44BA-8D82-FD15203AD038}"
EndProject
Project("{8BC9CEB8-8B4A-11D0-8D11-00A0C91BC942}") = "DataClient", "ExLib\HmiPart\Service\DataClient\DataClient.vcxproj", "{7BEE7A7F-388A-40D8-9BD6-28A0E837EE3F}"
EndProject
Project("{8BC9CEB8-8B4A-11D0-8D11-00A0C91BC942}") = "XJSocket", "ExLib\HmiPart\Service\XJSocket\XJSocket.vcxproj", "{C06FC5E1-1E1D-4C5D-81B2-C96BD110A8FB}"
EndProject
Project("{8BC9CEB8-8B4A-11D0-8D11-00A0C91BC942}") = "DataService", "ExLib\HmiPart\Service\DataService\DataService.vcxproj", "{665F7FA7-7FDA-4E18-B118-E641B6F6BDB0}"
EndProject
Global
	GlobalSection(SolutionConfigurationPlatforms) = preSolution
		Debug|Any CPU = Debug|Any CPU
		Debug|Win32 = Debug|Win32
		Debug|x64 = Debug|x64
		Debug|x86 = Debug|x86
		HMI_Debug|Any CPU = HMI_Debug|Any CPU
		HMI_Debug|Win32 = HMI_Debug|Win32
		HMI_Debug|x64 = HMI_Debug|x64
		HMI_Debug|x86 = HMI_Debug|x86
		HMI_Release|Any CPU = HMI_Release|Any CPU
		HMI_Release|Win32 = HMI_Release|Win32
		HMI_Release|x64 = HMI_Release|x64
		HMI_Release|x86 = HMI_Release|x86
		Release|Any CPU = Release|Any CPU
		Release|Win32 = Release|Win32
		Release|x64 = Release|x64
		Release|x86 = Release|x86
	EndGlobalSection
	GlobalSection(ProjectConfigurationPlatforms) = postSolution
		{A7C51927-54AE-4523-A200-A3A208632076}.Debug|Any CPU.ActiveCfg = Debug|Win32
		{A7C51927-54AE-4523-A200-A3A208632076}.Debug|Win32.ActiveCfg = Debug|Win32
		{A7C51927-54AE-4523-A200-A3A208632076}.Debug|Win32.Build.0 = Debug|Win32
		{A7C51927-54AE-4523-A200-A3A208632076}.Debug|x64.ActiveCfg = Debug|x64
		{A7C51927-54AE-4523-A200-A3A208632076}.Debug|x64.Build.0 = Debug|x64
		{A7C51927-54AE-4523-A200-A3A208632076}.Debug|x86.ActiveCfg = Debug|Win32
		{A7C51927-54AE-4523-A200-A3A208632076}.Debug|x86.Build.0 = Debug|Win32
		{A7C51927-54AE-4523-A200-A3A208632076}.HMI_Debug|Any CPU.ActiveCfg = HMI_Debug|Win32
		{A7C51927-54AE-4523-A200-A3A208632076}.HMI_Debug|Win32.ActiveCfg = HMI_Debug|Win32
		{A7C51927-54AE-4523-A200-A3A208632076}.HMI_Debug|Win32.Build.0 = HMI_Debug|Win32
		{A7C51927-54AE-4523-A200-A3A208632076}.HMI_Debug|x64.ActiveCfg = HMI_Debug|x64
		{A7C51927-54AE-4523-A200-A3A208632076}.HMI_Debug|x64.Build.0 = HMI_Debug|x64
		{A7C51927-54AE-4523-A200-A3A208632076}.HMI_Debug|x86.ActiveCfg = HMI_Debug|Win32
		{A7C51927-54AE-4523-A200-A3A208632076}.HMI_Debug|x86.Build.0 = HMI_Debug|Win32
		{A7C51927-54AE-4523-A200-A3A208632076}.HMI_Release|Any CPU.ActiveCfg = HMI_Release|Win32
		{A7C51927-54AE-4523-A200-A3A208632076}.HMI_Release|Win32.ActiveCfg = HMI_Release|Win32
		{A7C51927-54AE-4523-A200-A3A208632076}.HMI_Release|Win32.Build.0 = HMI_Release|Win32
		{A7C51927-54AE-4523-A200-A3A208632076}.HMI_Release|x64.ActiveCfg = HMI_Release|x64
		{A7C51927-54AE-4523-A200-A3A208632076}.HMI_Release|x64.Build.0 = HMI_Release|x64
		{A7C51927-54AE-4523-A200-A3A208632076}.HMI_Release|x86.ActiveCfg = HMI_Release|Win32
		{A7C51927-54AE-4523-A200-A3A208632076}.HMI_Release|x86.Build.0 = HMI_Release|Win32
		{A7C51927-54AE-4523-A200-A3A208632076}.Release|Any CPU.ActiveCfg = Release|Win32
		{A7C51927-54AE-4523-A200-A3A208632076}.Release|Win32.ActiveCfg = Release|Win32
		{A7C51927-54AE-4523-A200-A3A208632076}.Release|Win32.Build.0 = Release|Win32
		{A7C51927-54AE-4523-A200-A3A208632076}.Release|x64.ActiveCfg = Release|x64
		{A7C51927-54AE-4523-A200-A3A208632076}.Release|x64.Build.0 = Release|x64
		{A7C51927-54AE-4523-A200-A3A208632076}.Release|x86.ActiveCfg = Release|Win32
		{A7C51927-54AE-4523-A200-A3A208632076}.Release|x86.Build.0 = Release|Win32
		{A1932B5E-E2E0-4F33-A817-F20D5E93EB60}.Debug|Any CPU.ActiveCfg = Debug|Win32
		{A1932B5E-E2E0-4F33-A817-F20D5E93EB60}.Debug|Win32.ActiveCfg = Debug|Win32
		{A1932B5E-E2E0-4F33-A817-F20D5E93EB60}.Debug|Win32.Build.0 = Debug|Win32
		{A1932B5E-E2E0-4F33-A817-F20D5E93EB60}.Debug|x64.ActiveCfg = Debug|x64
		{A1932B5E-E2E0-4F33-A817-F20D5E93EB60}.Debug|x64.Build.0 = Debug|x64
		{A1932B5E-E2E0-4F33-A817-F20D5E93EB60}.Debug|x86.ActiveCfg = Debug|Win32
		{A1932B5E-E2E0-4F33-A817-F20D5E93EB60}.Debug|x86.Build.0 = Debug|Win32
		{A1932B5E-E2E0-4F33-A817-F20D5E93EB60}.HMI_Debug|Any CPU.ActiveCfg = HMI_Debug|Win32
		{A1932B5E-E2E0-4F33-A817-F20D5E93EB60}.HMI_Debug|Win32.ActiveCfg = HMI_Debug|Win32
		{A1932B5E-E2E0-4F33-A817-F20D5E93EB60}.HMI_Debug|Win32.Build.0 = HMI_Debug|Win32
		{A1932B5E-E2E0-4F33-A817-F20D5E93EB60}.HMI_Debug|x64.ActiveCfg = HMI_Debug|x64
		{A1932B5E-E2E0-4F33-A817-F20D5E93EB60}.HMI_Debug|x64.Build.0 = HMI_Debug|x64
		{A1932B5E-E2E0-4F33-A817-F20D5E93EB60}.HMI_Debug|x86.ActiveCfg = HMI_Debug|Win32
		{A1932B5E-E2E0-4F33-A817-F20D5E93EB60}.HMI_Debug|x86.Build.0 = HMI_Debug|Win32
		{A1932B5E-E2E0-4F33-A817-F20D5E93EB60}.HMI_Release|Any CPU.ActiveCfg = HMI_Release|Win32
		{A1932B5E-E2E0-4F33-A817-F20D5E93EB60}.HMI_Release|Win32.ActiveCfg = HMI_Release|Win32
		{A1932B5E-E2E0-4F33-A817-F20D5E93EB60}.HMI_Release|Win32.Build.0 = HMI_Release|Win32
		{A1932B5E-E2E0-4F33-A817-F20D5E93EB60}.HMI_Release|x64.ActiveCfg = HMI_Release|x64
		{A1932B5E-E2E0-4F33-A817-F20D5E93EB60}.HMI_Release|x64.Build.0 = HMI_Release|x64
		{A1932B5E-E2E0-4F33-A817-F20D5E93EB60}.HMI_Release|x86.ActiveCfg = HMI_Release|Win32
		{A1932B5E-E2E0-4F33-A817-F20D5E93EB60}.HMI_Release|x86.Build.0 = HMI_Release|Win32
		{A1932B5E-E2E0-4F33-A817-F20D5E93EB60}.Release|Any CPU.ActiveCfg = Release|Win32
		{A1932B5E-E2E0-4F33-A817-F20D5E93EB60}.Release|Win32.ActiveCfg = Release|Win32
		{A1932B5E-E2E0-4F33-A817-F20D5E93EB60}.Release|Win32.Build.0 = Release|Win32
		{A1932B5E-E2E0-4F33-A817-F20D5E93EB60}.Release|x64.ActiveCfg = Release|x64
		{A1932B5E-E2E0-4F33-A817-F20D5E93EB60}.Release|x64.Build.0 = Release|x64
		{A1932B5E-E2E0-4F33-A817-F20D5E93EB60}.Release|x86.ActiveCfg = Release|Win32
		{A1932B5E-E2E0-4F33-A817-F20D5E93EB60}.Release|x86.Build.0 = Release|Win32
		{05AF489D-AAAB-44A6-898C-25CD221A23ED}.Debug|Any CPU.ActiveCfg = Debug|Win32
		{05AF489D-AAAB-44A6-898C-25CD221A23ED}.Debug|Win32.ActiveCfg = Debug|Win32
		{05AF489D-AAAB-44A6-898C-25CD221A23ED}.Debug|Win32.Build.0 = Debug|Win32
		{05AF489D-AAAB-44A6-898C-25CD221A23ED}.Debug|x64.ActiveCfg = Debug|x64
		{05AF489D-AAAB-44A6-898C-25CD221A23ED}.Debug|x64.Build.0 = Debug|x64
		{05AF489D-AAAB-44A6-898C-25CD221A23ED}.Debug|x86.ActiveCfg = Debug|Win32
		{05AF489D-AAAB-44A6-898C-25CD221A23ED}.Debug|x86.Build.0 = Debug|Win32
		{05AF489D-AAAB-44A6-898C-25CD221A23ED}.HMI_Debug|Any CPU.ActiveCfg = HMI_Debug|Win32
		{05AF489D-AAAB-44A6-898C-25CD221A23ED}.HMI_Debug|Win32.ActiveCfg = HMI_Debug|Win32
		{05AF489D-AAAB-44A6-898C-25CD221A23ED}.HMI_Debug|Win32.Build.0 = HMI_Debug|Win32
		{05AF489D-AAAB-44A6-898C-25CD221A23ED}.HMI_Debug|x64.ActiveCfg = HMI_Debug|x64
		{05AF489D-AAAB-44A6-898C-25CD221A23ED}.HMI_Debug|x64.Build.0 = HMI_Debug|x64
		{05AF489D-AAAB-44A6-898C-25CD221A23ED}.HMI_Debug|x86.ActiveCfg = HMI_Debug|Win32
		{05AF489D-AAAB-44A6-898C-25CD221A23ED}.HMI_Debug|x86.Build.0 = HMI_Debug|Win32
		{05AF489D-AAAB-44A6-898C-25CD221A23ED}.HMI_Release|Any CPU.ActiveCfg = HMI_Release|Win32
		{05AF489D-AAAB-44A6-898C-25CD221A23ED}.HMI_Release|Win32.ActiveCfg = HMI_Release|Win32
		{05AF489D-AAAB-44A6-898C-25CD221A23ED}.HMI_Release|Win32.Build.0 = HMI_Release|Win32
		{05AF489D-AAAB-44A6-898C-25CD221A23ED}.HMI_Release|x64.ActiveCfg = HMI_Release|x64
		{05AF489D-AAAB-44A6-898C-25CD221A23ED}.HMI_Release|x64.Build.0 = HMI_Release|x64
		{05AF489D-AAAB-44A6-898C-25CD221A23ED}.HMI_Release|x86.ActiveCfg = HMI_Release|Win32
		{05AF489D-AAAB-44A6-898C-25CD221A23ED}.HMI_Release|x86.Build.0 = HMI_Release|Win32
		{05AF489D-AAAB-44A6-898C-25CD221A23ED}.Release|Any CPU.ActiveCfg = Release|Win32
		{05AF489D-AAAB-44A6-898C-25CD221A23ED}.Release|Win32.ActiveCfg = Release|Win32
		{05AF489D-AAAB-44A6-898C-25CD221A23ED}.Release|Win32.Build.0 = Release|Win32
		{05AF489D-AAAB-44A6-898C-25CD221A23ED}.Release|x64.ActiveCfg = Release|x64
		{05AF489D-AAAB-44A6-898C-25CD221A23ED}.Release|x64.Build.0 = Release|x64
		{05AF489D-AAAB-44A6-898C-25CD221A23ED}.Release|x86.ActiveCfg = Release|Win32
		{05AF489D-AAAB-44A6-898C-25CD221A23ED}.Release|x86.Build.0 = Release|Win32
		{838B1209-0D49-41D1-987C-9D661F341C95}.Debug|Any CPU.ActiveCfg = Debug|Win32
		{838B1209-0D49-41D1-987C-9D661F341C95}.Debug|Win32.ActiveCfg = Debug|Win32
		{838B1209-0D49-41D1-987C-9D661F341C95}.Debug|Win32.Build.0 = Debug|Win32
		{838B1209-0D49-41D1-987C-9D661F341C95}.Debug|x64.ActiveCfg = Debug|x64
		{838B1209-0D49-41D1-987C-9D661F341C95}.Debug|x64.Build.0 = Debug|x64
		{838B1209-0D49-41D1-987C-9D661F341C95}.Debug|x86.ActiveCfg = Debug|Win32
		{838B1209-0D49-41D1-987C-9D661F341C95}.Debug|x86.Build.0 = Debug|Win32
		{838B1209-0D49-41D1-987C-9D661F341C95}.HMI_Debug|Any CPU.ActiveCfg = HMI_Debug|Win32
		{838B1209-0D49-41D1-987C-9D661F341C95}.HMI_Debug|Win32.ActiveCfg = HMI_Debug|Win32
		{838B1209-0D49-41D1-987C-9D661F341C95}.HMI_Debug|Win32.Build.0 = HMI_Debug|Win32
		{838B1209-0D49-41D1-987C-9D661F341C95}.HMI_Debug|x64.ActiveCfg = HMI_Debug|x64
		{838B1209-0D49-41D1-987C-9D661F341C95}.HMI_Debug|x64.Build.0 = HMI_Debug|x64
		{838B1209-0D49-41D1-987C-9D661F341C95}.HMI_Debug|x86.ActiveCfg = HMI_Debug|Win32
		{838B1209-0D49-41D1-987C-9D661F341C95}.HMI_Debug|x86.Build.0 = HMI_Debug|Win32
		{838B1209-0D49-41D1-987C-9D661F341C95}.HMI_Release|Any CPU.ActiveCfg = HMI_Release|Win32
		{838B1209-0D49-41D1-987C-9D661F341C95}.HMI_Release|Win32.ActiveCfg = HMI_Release|Win32
		{838B1209-0D49-41D1-987C-9D661F341C95}.HMI_Release|Win32.Build.0 = HMI_Release|Win32
		{838B1209-0D49-41D1-987C-9D661F341C95}.HMI_Release|x64.ActiveCfg = HMI_Release|x64
		{838B1209-0D49-41D1-987C-9D661F341C95}.HMI_Release|x64.Build.0 = HMI_Release|x64
		{838B1209-0D49-41D1-987C-9D661F341C95}.HMI_Release|x86.ActiveCfg = HMI_Release|Win32
		{838B1209-0D49-41D1-987C-9D661F341C95}.HMI_Release|x86.Build.0 = HMI_Release|Win32
		{838B1209-0D49-41D1-987C-9D661F341C95}.Release|Any CPU.ActiveCfg = Release|Win32
		{838B1209-0D49-41D1-987C-9D661F341C95}.Release|Win32.ActiveCfg = Release|Win32
		{838B1209-0D49-41D1-987C-9D661F341C95}.Release|Win32.Build.0 = Release|Win32
		{838B1209-0D49-41D1-987C-9D661F341C95}.Release|x64.ActiveCfg = Release|x64
		{838B1209-0D49-41D1-987C-9D661F341C95}.Release|x64.Build.0 = Release|x64
		{838B1209-0D49-41D1-987C-9D661F341C95}.Release|x86.ActiveCfg = Release|Win32
		{838B1209-0D49-41D1-987C-9D661F341C95}.Release|x86.Build.0 = Release|Win32
		{3E7FD125-E6A3-4157-8DE8-88EEE14C0EC8}.Debug|Any CPU.ActiveCfg = Debug|Win32
		{3E7FD125-E6A3-4157-8DE8-88EEE14C0EC8}.Debug|Win32.ActiveCfg = Debug|Win32
		{3E7FD125-E6A3-4157-8DE8-88EEE14C0EC8}.Debug|Win32.Build.0 = Debug|Win32
		{3E7FD125-E6A3-4157-8DE8-88EEE14C0EC8}.Debug|x64.ActiveCfg = Debug|x64
		{3E7FD125-E6A3-4157-8DE8-88EEE14C0EC8}.Debug|x64.Build.0 = Debug|x64
		{3E7FD125-E6A3-4157-8DE8-88EEE14C0EC8}.Debug|x86.ActiveCfg = Debug|Win32
		{3E7FD125-E6A3-4157-8DE8-88EEE14C0EC8}.Debug|x86.Build.0 = Debug|Win32
		{3E7FD125-E6A3-4157-8DE8-88EEE14C0EC8}.HMI_Debug|Any CPU.ActiveCfg = HMI_Debug|Win32
		{3E7FD125-E6A3-4157-8DE8-88EEE14C0EC8}.HMI_Debug|Win32.ActiveCfg = HMI_Debug|Win32
		{3E7FD125-E6A3-4157-8DE8-88EEE14C0EC8}.HMI_Debug|Win32.Build.0 = HMI_Debug|Win32
		{3E7FD125-E6A3-4157-8DE8-88EEE14C0EC8}.HMI_Debug|x64.ActiveCfg = HMI_Debug|x64
		{3E7FD125-E6A3-4157-8DE8-88EEE14C0EC8}.HMI_Debug|x64.Build.0 = HMI_Debug|x64
		{3E7FD125-E6A3-4157-8DE8-88EEE14C0EC8}.HMI_Debug|x86.ActiveCfg = HMI_Debug|Win32
		{3E7FD125-E6A3-4157-8DE8-88EEE14C0EC8}.HMI_Debug|x86.Build.0 = HMI_Debug|Win32
		{3E7FD125-E6A3-4157-8DE8-88EEE14C0EC8}.HMI_Release|Any CPU.ActiveCfg = HMI_Release|Win32
		{3E7FD125-E6A3-4157-8DE8-88EEE14C0EC8}.HMI_Release|Win32.ActiveCfg = HMI_Release|Win32
		{3E7FD125-E6A3-4157-8DE8-88EEE14C0EC8}.HMI_Release|Win32.Build.0 = HMI_Release|Win32
		{3E7FD125-E6A3-4157-8DE8-88EEE14C0EC8}.HMI_Release|x64.ActiveCfg = HMI_Release|x64
		{3E7FD125-E6A3-4157-8DE8-88EEE14C0EC8}.HMI_Release|x64.Build.0 = HMI_Release|x64
		{3E7FD125-E6A3-4157-8DE8-88EEE14C0EC8}.HMI_Release|x86.ActiveCfg = HMI_Release|Win32
		{3E7FD125-E6A3-4157-8DE8-88EEE14C0EC8}.HMI_Release|x86.Build.0 = HMI_Release|Win32
		{3E7FD125-E6A3-4157-8DE8-88EEE14C0EC8}.Release|Any CPU.ActiveCfg = Release|Win32
		{3E7FD125-E6A3-4157-8DE8-88EEE14C0EC8}.Release|Win32.ActiveCfg = Release|Win32
		{3E7FD125-E6A3-4157-8DE8-88EEE14C0EC8}.Release|Win32.Build.0 = Release|Win32
		{3E7FD125-E6A3-4157-8DE8-88EEE14C0EC8}.Release|x64.ActiveCfg = Release|x64
		{3E7FD125-E6A3-4157-8DE8-88EEE14C0EC8}.Release|x64.Build.0 = Release|x64
		{3E7FD125-E6A3-4157-8DE8-88EEE14C0EC8}.Release|x86.ActiveCfg = Release|Win32
		{3E7FD125-E6A3-4157-8DE8-88EEE14C0EC8}.Release|x86.Build.0 = Release|Win32
		{261C6C66-EBD7-42EB-BE9F-32337F3B15CE}.Debug|Any CPU.ActiveCfg = Debug|Win32
		{261C6C66-EBD7-42EB-BE9F-32337F3B15CE}.Debug|Win32.ActiveCfg = Debug|Win32
		{261C6C66-EBD7-42EB-BE9F-32337F3B15CE}.Debug|Win32.Build.0 = Debug|Win32
		{261C6C66-EBD7-42EB-BE9F-32337F3B15CE}.Debug|x64.ActiveCfg = Debug|x64
		{261C6C66-EBD7-42EB-BE9F-32337F3B15CE}.Debug|x64.Build.0 = Debug|x64
		{261C6C66-EBD7-42EB-BE9F-32337F3B15CE}.Debug|x86.ActiveCfg = Debug|Win32
		{261C6C66-EBD7-42EB-BE9F-32337F3B15CE}.Debug|x86.Build.0 = Debug|Win32
		{261C6C66-EBD7-42EB-BE9F-32337F3B15CE}.HMI_Debug|Any CPU.ActiveCfg = HMI_Debug|Win32
		{261C6C66-EBD7-42EB-BE9F-32337F3B15CE}.HMI_Debug|Win32.ActiveCfg = HMI_Debug|Win32
		{261C6C66-EBD7-42EB-BE9F-32337F3B15CE}.HMI_Debug|Win32.Build.0 = HMI_Debug|Win32
		{261C6C66-EBD7-42EB-BE9F-32337F3B15CE}.HMI_Debug|x64.ActiveCfg = HMI_Debug|x64
		{261C6C66-EBD7-42EB-BE9F-32337F3B15CE}.HMI_Debug|x64.Build.0 = HMI_Debug|x64
		{261C6C66-EBD7-42EB-BE9F-32337F3B15CE}.HMI_Debug|x86.ActiveCfg = HMI_Debug|Win32
		{261C6C66-EBD7-42EB-BE9F-32337F3B15CE}.HMI_Debug|x86.Build.0 = HMI_Debug|Win32
		{261C6C66-EBD7-42EB-BE9F-32337F3B15CE}.HMI_Release|Any CPU.ActiveCfg = HMI_Release|Win32
		{261C6C66-EBD7-42EB-BE9F-32337F3B15CE}.HMI_Release|Win32.ActiveCfg = HMI_Release|Win32
		{261C6C66-EBD7-42EB-BE9F-32337F3B15CE}.HMI_Release|Win32.Build.0 = HMI_Release|Win32
		{261C6C66-EBD7-42EB-BE9F-32337F3B15CE}.HMI_Release|x64.ActiveCfg = HMI_Release|x64
		{261C6C66-EBD7-42EB-BE9F-32337F3B15CE}.HMI_Release|x64.Build.0 = HMI_Release|x64
		{261C6C66-EBD7-42EB-BE9F-32337F3B15CE}.HMI_Release|x86.ActiveCfg = HMI_Release|Win32
		{261C6C66-EBD7-42EB-BE9F-32337F3B15CE}.HMI_Release|x86.Build.0 = HMI_Release|Win32
		{261C6C66-EBD7-42EB-BE9F-32337F3B15CE}.Release|Any CPU.ActiveCfg = Release|Win32
		{261C6C66-EBD7-42EB-BE9F-32337F3B15CE}.Release|Win32.ActiveCfg = Release|Win32
		{261C6C66-EBD7-42EB-BE9F-32337F3B15CE}.Release|Win32.Build.0 = Release|Win32
		{261C6C66-EBD7-42EB-BE9F-32337F3B15CE}.Release|x64.ActiveCfg = Release|x64
		{261C6C66-EBD7-42EB-BE9F-32337F3B15CE}.Release|x64.Build.0 = Release|x64
		{261C6C66-EBD7-42EB-BE9F-32337F3B15CE}.Release|x86.ActiveCfg = Release|Win32
		{261C6C66-EBD7-42EB-BE9F-32337F3B15CE}.Release|x86.Build.0 = Release|Win32
		{C2C2A4EA-4E49-48F9-872D-7F1A3EDFEEFC}.Debug|Any CPU.ActiveCfg = Debug|Win32
		{C2C2A4EA-4E49-48F9-872D-7F1A3EDFEEFC}.Debug|Win32.ActiveCfg = Debug|Win32
		{C2C2A4EA-4E49-48F9-872D-7F1A3EDFEEFC}.Debug|Win32.Build.0 = Debug|Win32
		{C2C2A4EA-4E49-48F9-872D-7F1A3EDFEEFC}.Debug|x64.ActiveCfg = Debug|x64
		{C2C2A4EA-4E49-48F9-872D-7F1A3EDFEEFC}.Debug|x64.Build.0 = Debug|x64
		{C2C2A4EA-4E49-48F9-872D-7F1A3EDFEEFC}.Debug|x86.ActiveCfg = Debug|Win32
		{C2C2A4EA-4E49-48F9-872D-7F1A3EDFEEFC}.Debug|x86.Build.0 = Debug|Win32
		{C2C2A4EA-4E49-48F9-872D-7F1A3EDFEEFC}.HMI_Debug|Any CPU.ActiveCfg = HMI_Debug|Win32
		{C2C2A4EA-4E49-48F9-872D-7F1A3EDFEEFC}.HMI_Debug|Win32.ActiveCfg = HMI_Debug|Win32
		{C2C2A4EA-4E49-48F9-872D-7F1A3EDFEEFC}.HMI_Debug|Win32.Build.0 = HMI_Debug|Win32
		{C2C2A4EA-4E49-48F9-872D-7F1A3EDFEEFC}.HMI_Debug|x64.ActiveCfg = HMI_Debug|x64
		{C2C2A4EA-4E49-48F9-872D-7F1A3EDFEEFC}.HMI_Debug|x64.Build.0 = HMI_Debug|x64
		{C2C2A4EA-4E49-48F9-872D-7F1A3EDFEEFC}.HMI_Debug|x86.ActiveCfg = HMI_Debug|Win32
		{C2C2A4EA-4E49-48F9-872D-7F1A3EDFEEFC}.HMI_Debug|x86.Build.0 = HMI_Debug|Win32
		{C2C2A4EA-4E49-48F9-872D-7F1A3EDFEEFC}.HMI_Release|Any CPU.ActiveCfg = HMI_Release|Win32
		{C2C2A4EA-4E49-48F9-872D-7F1A3EDFEEFC}.HMI_Release|Win32.ActiveCfg = HMI_Release|Win32
		{C2C2A4EA-4E49-48F9-872D-7F1A3EDFEEFC}.HMI_Release|Win32.Build.0 = HMI_Release|Win32
		{C2C2A4EA-4E49-48F9-872D-7F1A3EDFEEFC}.HMI_Release|x64.ActiveCfg = HMI_Release|x64
		{C2C2A4EA-4E49-48F9-872D-7F1A3EDFEEFC}.HMI_Release|x64.Build.0 = HMI_Release|x64
		{C2C2A4EA-4E49-48F9-872D-7F1A3EDFEEFC}.HMI_Release|x86.ActiveCfg = HMI_Release|Win32
		{C2C2A4EA-4E49-48F9-872D-7F1A3EDFEEFC}.HMI_Release|x86.Build.0 = HMI_Release|Win32
		{C2C2A4EA-4E49-48F9-872D-7F1A3EDFEEFC}.Release|Any CPU.ActiveCfg = Release|Win32
		{C2C2A4EA-4E49-48F9-872D-7F1A3EDFEEFC}.Release|Win32.ActiveCfg = Release|Win32
		{C2C2A4EA-4E49-48F9-872D-7F1A3EDFEEFC}.Release|Win32.Build.0 = Release|Win32
		{C2C2A4EA-4E49-48F9-872D-7F1A3EDFEEFC}.Release|x64.ActiveCfg = Release|x64
		{C2C2A4EA-4E49-48F9-872D-7F1A3EDFEEFC}.Release|x64.Build.0 = Release|x64
		{C2C2A4EA-4E49-48F9-872D-7F1A3EDFEEFC}.Release|x86.ActiveCfg = Release|Win32
		{C2C2A4EA-4E49-48F9-872D-7F1A3EDFEEFC}.Release|x86.Build.0 = Release|Win32
		{80FD07FA-AFCE-4902-87C0-28E13604F6DC}.Debug|Any CPU.ActiveCfg = Debug|Win32
		{80FD07FA-AFCE-4902-87C0-28E13604F6DC}.Debug|Win32.ActiveCfg = Debug|Win32
		{80FD07FA-AFCE-4902-87C0-28E13604F6DC}.Debug|Win32.Build.0 = Debug|Win32
		{80FD07FA-AFCE-4902-87C0-28E13604F6DC}.Debug|x64.ActiveCfg = Debug|x64
		{80FD07FA-AFCE-4902-87C0-28E13604F6DC}.Debug|x64.Build.0 = Debug|x64
		{80FD07FA-AFCE-4902-87C0-28E13604F6DC}.Debug|x86.ActiveCfg = Debug|Win32
		{80FD07FA-AFCE-4902-87C0-28E13604F6DC}.Debug|x86.Build.0 = Debug|Win32
		{80FD07FA-AFCE-4902-87C0-28E13604F6DC}.HMI_Debug|Any CPU.ActiveCfg = HMI_Debug|Win32
		{80FD07FA-AFCE-4902-87C0-28E13604F6DC}.HMI_Debug|Win32.ActiveCfg = HMI_Debug|Win32
		{80FD07FA-AFCE-4902-87C0-28E13604F6DC}.HMI_Debug|Win32.Build.0 = HMI_Debug|Win32
		{80FD07FA-AFCE-4902-87C0-28E13604F6DC}.HMI_Debug|x64.ActiveCfg = HMI_Debug|x64
		{80FD07FA-AFCE-4902-87C0-28E13604F6DC}.HMI_Debug|x64.Build.0 = HMI_Debug|x64
		{80FD07FA-AFCE-4902-87C0-28E13604F6DC}.HMI_Debug|x86.ActiveCfg = HMI_Debug|Win32
		{80FD07FA-AFCE-4902-87C0-28E13604F6DC}.HMI_Debug|x86.Build.0 = HMI_Debug|Win32
		{80FD07FA-AFCE-4902-87C0-28E13604F6DC}.HMI_Release|Any CPU.ActiveCfg = HMI_Release|Win32
		{80FD07FA-AFCE-4902-87C0-28E13604F6DC}.HMI_Release|Win32.ActiveCfg = HMI_Release|Win32
		{80FD07FA-AFCE-4902-87C0-28E13604F6DC}.HMI_Release|Win32.Build.0 = HMI_Release|Win32
		{80FD07FA-AFCE-4902-87C0-28E13604F6DC}.HMI_Release|x64.ActiveCfg = HMI_Release|x64
		{80FD07FA-AFCE-4902-87C0-28E13604F6DC}.HMI_Release|x64.Build.0 = HMI_Release|x64
		{80FD07FA-AFCE-4902-87C0-28E13604F6DC}.HMI_Release|x86.ActiveCfg = HMI_Release|Win32
		{80FD07FA-AFCE-4902-87C0-28E13604F6DC}.HMI_Release|x86.Build.0 = HMI_Release|Win32
		{80FD07FA-AFCE-4902-87C0-28E13604F6DC}.Release|Any CPU.ActiveCfg = Release|Win32
		{80FD07FA-AFCE-4902-87C0-28E13604F6DC}.Release|Win32.ActiveCfg = Release|Win32
		{80FD07FA-AFCE-4902-87C0-28E13604F6DC}.Release|Win32.Build.0 = Release|Win32
		{80FD07FA-AFCE-4902-87C0-28E13604F6DC}.Release|x64.ActiveCfg = Release|x64
		{80FD07FA-AFCE-4902-87C0-28E13604F6DC}.Release|x64.Build.0 = Release|x64
		{80FD07FA-AFCE-4902-87C0-28E13604F6DC}.Release|x86.ActiveCfg = Release|Win32
		{80FD07FA-AFCE-4902-87C0-28E13604F6DC}.Release|x86.Build.0 = Release|Win32
		{AF968C44-C6B7-4051-B9DD-9881A7F4970A}.Debug|Any CPU.ActiveCfg = Debug|Win32
		{AF968C44-C6B7-4051-B9DD-9881A7F4970A}.Debug|Win32.ActiveCfg = Debug|Win32
		{AF968C44-C6B7-4051-B9DD-9881A7F4970A}.Debug|Win32.Build.0 = Debug|Win32
		{AF968C44-C6B7-4051-B9DD-9881A7F4970A}.Debug|x64.ActiveCfg = Debug|x64
		{AF968C44-C6B7-4051-B9DD-9881A7F4970A}.Debug|x64.Build.0 = Debug|x64
		{AF968C44-C6B7-4051-B9DD-9881A7F4970A}.Debug|x86.ActiveCfg = Debug|Win32
		{AF968C44-C6B7-4051-B9DD-9881A7F4970A}.Debug|x86.Build.0 = Debug|Win32
		{AF968C44-C6B7-4051-B9DD-9881A7F4970A}.HMI_Debug|Any CPU.ActiveCfg = HMI_Debug|Win32
		{AF968C44-C6B7-4051-B9DD-9881A7F4970A}.HMI_Debug|Win32.ActiveCfg = HMI_Debug|Win32
		{AF968C44-C6B7-4051-B9DD-9881A7F4970A}.HMI_Debug|Win32.Build.0 = HMI_Debug|Win32
		{AF968C44-C6B7-4051-B9DD-9881A7F4970A}.HMI_Debug|x64.ActiveCfg = HMI_Debug|x64
		{AF968C44-C6B7-4051-B9DD-9881A7F4970A}.HMI_Debug|x64.Build.0 = HMI_Debug|x64
		{AF968C44-C6B7-4051-B9DD-9881A7F4970A}.HMI_Debug|x86.ActiveCfg = HMI_Debug|Win32
		{AF968C44-C6B7-4051-B9DD-9881A7F4970A}.HMI_Debug|x86.Build.0 = HMI_Debug|Win32
		{AF968C44-C6B7-4051-B9DD-9881A7F4970A}.HMI_Release|Any CPU.ActiveCfg = HMI_Release|Win32
		{AF968C44-C6B7-4051-B9DD-9881A7F4970A}.HMI_Release|Win32.ActiveCfg = HMI_Release|Win32
		{AF968C44-C6B7-4051-B9DD-9881A7F4970A}.HMI_Release|Win32.Build.0 = HMI_Release|Win32
		{AF968C44-C6B7-4051-B9DD-9881A7F4970A}.HMI_Release|x64.ActiveCfg = HMI_Release|x64
		{AF968C44-C6B7-4051-B9DD-9881A7F4970A}.HMI_Release|x64.Build.0 = HMI_Release|x64
		{AF968C44-C6B7-4051-B9DD-9881A7F4970A}.HMI_Release|x86.ActiveCfg = HMI_Release|Win32
		{AF968C44-C6B7-4051-B9DD-9881A7F4970A}.HMI_Release|x86.Build.0 = HMI_Release|Win32
		{AF968C44-C6B7-4051-B9DD-9881A7F4970A}.Release|Any CPU.ActiveCfg = Release|Win32
		{AF968C44-C6B7-4051-B9DD-9881A7F4970A}.Release|Win32.ActiveCfg = Release|Win32
		{AF968C44-C6B7-4051-B9DD-9881A7F4970A}.Release|Win32.Build.0 = Release|Win32
		{AF968C44-C6B7-4051-B9DD-9881A7F4970A}.Release|x64.ActiveCfg = Release|x64
		{AF968C44-C6B7-4051-B9DD-9881A7F4970A}.Release|x64.Build.0 = Release|x64
		{AF968C44-C6B7-4051-B9DD-9881A7F4970A}.Release|x86.ActiveCfg = Release|Win32
		{AF968C44-C6B7-4051-B9DD-9881A7F4970A}.Release|x86.Build.0 = Release|Win32
		{C6A8A155-A1F0-4E14-AA89-64352F369ACD}.Debug|Any CPU.ActiveCfg = Debug|Win32
		{C6A8A155-A1F0-4E14-AA89-64352F369ACD}.Debug|Win32.ActiveCfg = Debug|Win32
		{C6A8A155-A1F0-4E14-AA89-64352F369ACD}.Debug|Win32.Build.0 = Debug|Win32
		{C6A8A155-A1F0-4E14-AA89-64352F369ACD}.Debug|x64.ActiveCfg = Debug|x64
		{C6A8A155-A1F0-4E14-AA89-64352F369ACD}.Debug|x64.Build.0 = Debug|x64
		{C6A8A155-A1F0-4E14-AA89-64352F369ACD}.Debug|x86.ActiveCfg = Debug|Win32
		{C6A8A155-A1F0-4E14-AA89-64352F369ACD}.Debug|x86.Build.0 = Debug|Win32
		{C6A8A155-A1F0-4E14-AA89-64352F369ACD}.HMI_Debug|Any CPU.ActiveCfg = HMI_Debug|Win32
		{C6A8A155-A1F0-4E14-AA89-64352F369ACD}.HMI_Debug|Win32.ActiveCfg = HMI_Debug|Win32
		{C6A8A155-A1F0-4E14-AA89-64352F369ACD}.HMI_Debug|Win32.Build.0 = HMI_Debug|Win32
		{C6A8A155-A1F0-4E14-AA89-64352F369ACD}.HMI_Debug|x64.ActiveCfg = HMI_Debug|x64
		{C6A8A155-A1F0-4E14-AA89-64352F369ACD}.HMI_Debug|x64.Build.0 = HMI_Debug|x64
		{C6A8A155-A1F0-4E14-AA89-64352F369ACD}.HMI_Debug|x86.ActiveCfg = HMI_Debug|Win32
		{C6A8A155-A1F0-4E14-AA89-64352F369ACD}.HMI_Debug|x86.Build.0 = HMI_Debug|Win32
		{C6A8A155-A1F0-4E14-AA89-64352F369ACD}.HMI_Release|Any CPU.ActiveCfg = HMI_Release|Win32
		{C6A8A155-A1F0-4E14-AA89-64352F369ACD}.HMI_Release|Win32.ActiveCfg = HMI_Release|Win32
		{C6A8A155-A1F0-4E14-AA89-64352F369ACD}.HMI_Release|Win32.Build.0 = HMI_Release|Win32
		{C6A8A155-A1F0-4E14-AA89-64352F369ACD}.HMI_Release|x64.ActiveCfg = HMI_Release|x64
		{C6A8A155-A1F0-4E14-AA89-64352F369ACD}.HMI_Release|x64.Build.0 = HMI_Release|x64
		{C6A8A155-A1F0-4E14-AA89-64352F369ACD}.HMI_Release|x86.ActiveCfg = HMI_Release|Win32
		{C6A8A155-A1F0-4E14-AA89-64352F369ACD}.HMI_Release|x86.Build.0 = HMI_Release|Win32
		{C6A8A155-A1F0-4E14-AA89-64352F369ACD}.Release|Any CPU.ActiveCfg = Release|Win32
		{C6A8A155-A1F0-4E14-AA89-64352F369ACD}.Release|Win32.ActiveCfg = Release|Win32
		{C6A8A155-A1F0-4E14-AA89-64352F369ACD}.Release|Win32.Build.0 = Release|Win32
		{C6A8A155-A1F0-4E14-AA89-64352F369ACD}.Release|x64.ActiveCfg = Release|x64
		{C6A8A155-A1F0-4E14-AA89-64352F369ACD}.Release|x64.Build.0 = Release|x64
		{C6A8A155-A1F0-4E14-AA89-64352F369ACD}.Release|x86.ActiveCfg = Release|Win32
		{C6A8A155-A1F0-4E14-AA89-64352F369ACD}.Release|x86.Build.0 = Release|Win32
		{E070AAFC-9D03-41A3-BC7D-30887EA0D50F}.Debug|Any CPU.ActiveCfg = Debug|Win32
		{E070AAFC-9D03-41A3-BC7D-30887EA0D50F}.Debug|Win32.ActiveCfg = Debug|Win32
		{E070AAFC-9D03-41A3-BC7D-30887EA0D50F}.Debug|Win32.Build.0 = Debug|Win32
		{E070AAFC-9D03-41A3-BC7D-30887EA0D50F}.Debug|x64.ActiveCfg = Debug|Win32
		{E070AAFC-9D03-41A3-BC7D-30887EA0D50F}.Debug|x86.ActiveCfg = Debug|Win32
		{E070AAFC-9D03-41A3-BC7D-30887EA0D50F}.Debug|x86.Build.0 = Debug|Win32
		{E070AAFC-9D03-41A3-BC7D-30887EA0D50F}.HMI_Debug|Any CPU.ActiveCfg = HMI_Debug|Win32
		{E070AAFC-9D03-41A3-BC7D-30887EA0D50F}.HMI_Debug|Win32.ActiveCfg = HMI_Debug|Win32
		{E070AAFC-9D03-41A3-BC7D-30887EA0D50F}.HMI_Debug|Win32.Build.0 = HMI_Debug|Win32
		{E070AAFC-9D03-41A3-BC7D-30887EA0D50F}.HMI_Debug|x64.ActiveCfg = HMI_Debug|Win32
		{E070AAFC-9D03-41A3-BC7D-30887EA0D50F}.HMI_Debug|x86.ActiveCfg = HMI_Debug|Win32
		{E070AAFC-9D03-41A3-BC7D-30887EA0D50F}.HMI_Debug|x86.Build.0 = HMI_Debug|Win32
		{E070AAFC-9D03-41A3-BC7D-30887EA0D50F}.HMI_Release|Any CPU.ActiveCfg = HMI_Release|Win32
		{E070AAFC-9D03-41A3-BC7D-30887EA0D50F}.HMI_Release|Win32.ActiveCfg = HMI_Release|Win32
		{E070AAFC-9D03-41A3-BC7D-30887EA0D50F}.HMI_Release|Win32.Build.0 = HMI_Release|Win32
		{E070AAFC-9D03-41A3-BC7D-30887EA0D50F}.HMI_Release|x64.ActiveCfg = HMI_Release|Win32
		{E070AAFC-9D03-41A3-BC7D-30887EA0D50F}.HMI_Release|x86.ActiveCfg = HMI_Release|Win32
		{E070AAFC-9D03-41A3-BC7D-30887EA0D50F}.HMI_Release|x86.Build.0 = HMI_Release|Win32
		{E070AAFC-9D03-41A3-BC7D-30887EA0D50F}.Release|Any CPU.ActiveCfg = Release|Win32
		{E070AAFC-9D03-41A3-BC7D-30887EA0D50F}.Release|Win32.ActiveCfg = Release|Win32
		{E070AAFC-9D03-41A3-BC7D-30887EA0D50F}.Release|Win32.Build.0 = Release|Win32
		{E070AAFC-9D03-41A3-BC7D-30887EA0D50F}.Release|x64.ActiveCfg = Release|Win32
		{E070AAFC-9D03-41A3-BC7D-30887EA0D50F}.Release|x86.ActiveCfg = Release|Win32
		{E070AAFC-9D03-41A3-BC7D-30887EA0D50F}.Release|x86.Build.0 = Release|Win32
		{A90E61CB-179F-4972-810B-D4FFC2EFF389}.Debug|Any CPU.ActiveCfg = Debug|Win32
		{A90E61CB-179F-4972-810B-D4FFC2EFF389}.Debug|Win32.ActiveCfg = Debug|Win32
		{A90E61CB-179F-4972-810B-D4FFC2EFF389}.Debug|Win32.Build.0 = Debug|Win32
		{A90E61CB-179F-4972-810B-D4FFC2EFF389}.Debug|x64.ActiveCfg = Debug|x64
		{A90E61CB-179F-4972-810B-D4FFC2EFF389}.Debug|x64.Build.0 = Debug|x64
		{A90E61CB-179F-4972-810B-D4FFC2EFF389}.Debug|x86.ActiveCfg = Debug|Win32
		{A90E61CB-179F-4972-810B-D4FFC2EFF389}.Debug|x86.Build.0 = Debug|Win32
		{A90E61CB-179F-4972-810B-D4FFC2EFF389}.HMI_Debug|Any CPU.ActiveCfg = HMI_Debug|Win32
		{A90E61CB-179F-4972-810B-D4FFC2EFF389}.HMI_Debug|Win32.ActiveCfg = HMI_Debug|Win32
		{A90E61CB-179F-4972-810B-D4FFC2EFF389}.HMI_Debug|Win32.Build.0 = HMI_Debug|Win32
		{A90E61CB-179F-4972-810B-D4FFC2EFF389}.HMI_Debug|x64.ActiveCfg = HMI_Debug|x64
		{A90E61CB-179F-4972-810B-D4FFC2EFF389}.HMI_Debug|x64.Build.0 = HMI_Debug|x64
		{A90E61CB-179F-4972-810B-D4FFC2EFF389}.HMI_Debug|x86.ActiveCfg = HMI_Debug|Win32
		{A90E61CB-179F-4972-810B-D4FFC2EFF389}.HMI_Debug|x86.Build.0 = HMI_Debug|Win32
		{A90E61CB-179F-4972-810B-D4FFC2EFF389}.HMI_Release|Any CPU.ActiveCfg = HMI_Release|Win32
		{A90E61CB-179F-4972-810B-D4FFC2EFF389}.HMI_Release|Win32.ActiveCfg = HMI_Release|Win32
		{A90E61CB-179F-4972-810B-D4FFC2EFF389}.HMI_Release|Win32.Build.0 = HMI_Release|Win32
		{A90E61CB-179F-4972-810B-D4FFC2EFF389}.HMI_Release|x64.ActiveCfg = HMI_Release|x64
		{A90E61CB-179F-4972-810B-D4FFC2EFF389}.HMI_Release|x64.Build.0 = HMI_Release|x64
		{A90E61CB-179F-4972-810B-D4FFC2EFF389}.HMI_Release|x86.ActiveCfg = HMI_Release|Win32
		{A90E61CB-179F-4972-810B-D4FFC2EFF389}.HMI_Release|x86.Build.0 = HMI_Release|Win32
		{A90E61CB-179F-4972-810B-D4FFC2EFF389}.Release|Any CPU.ActiveCfg = Release|Win32
		{A90E61CB-179F-4972-810B-D4FFC2EFF389}.Release|Win32.ActiveCfg = Release|Win32
		{A90E61CB-179F-4972-810B-D4FFC2EFF389}.Release|Win32.Build.0 = Release|Win32
		{A90E61CB-179F-4972-810B-D4FFC2EFF389}.Release|x64.ActiveCfg = Release|x64
		{A90E61CB-179F-4972-810B-D4FFC2EFF389}.Release|x64.Build.0 = Release|x64
		{A90E61CB-179F-4972-810B-D4FFC2EFF389}.Release|x86.ActiveCfg = Release|Win32
		{A90E61CB-179F-4972-810B-D4FFC2EFF389}.Release|x86.Build.0 = Release|Win32
		{15DA0A7D-B60B-468A-922F-D78B5CC642F3}.Debug|Any CPU.ActiveCfg = Debug|Win32
		{15DA0A7D-B60B-468A-922F-D78B5CC642F3}.Debug|Win32.ActiveCfg = Debug|Win32
		{15DA0A7D-B60B-468A-922F-D78B5CC642F3}.Debug|Win32.Build.0 = Debug|Win32
		{15DA0A7D-B60B-468A-922F-D78B5CC642F3}.Debug|x64.ActiveCfg = Debug|x64
		{15DA0A7D-B60B-468A-922F-D78B5CC642F3}.Debug|x64.Build.0 = Debug|x64
		{15DA0A7D-B60B-468A-922F-D78B5CC642F3}.Debug|x86.ActiveCfg = Debug|Win32
		{15DA0A7D-B60B-468A-922F-D78B5CC642F3}.Debug|x86.Build.0 = Debug|Win32
		{15DA0A7D-B60B-468A-922F-D78B5CC642F3}.HMI_Debug|Any CPU.ActiveCfg = HMI_Debug|Win32
		{15DA0A7D-B60B-468A-922F-D78B5CC642F3}.HMI_Debug|Win32.ActiveCfg = HMI_Debug|Win32
		{15DA0A7D-B60B-468A-922F-D78B5CC642F3}.HMI_Debug|Win32.Build.0 = HMI_Debug|Win32
		{15DA0A7D-B60B-468A-922F-D78B5CC642F3}.HMI_Debug|x64.ActiveCfg = HMI_Debug|x64
		{15DA0A7D-B60B-468A-922F-D78B5CC642F3}.HMI_Debug|x64.Build.0 = HMI_Debug|x64
		{15DA0A7D-B60B-468A-922F-D78B5CC642F3}.HMI_Debug|x86.ActiveCfg = HMI_Debug|Win32
		{15DA0A7D-B60B-468A-922F-D78B5CC642F3}.HMI_Debug|x86.Build.0 = HMI_Debug|Win32
		{15DA0A7D-B60B-468A-922F-D78B5CC642F3}.HMI_Release|Any CPU.ActiveCfg = HMI_Release|Win32
		{15DA0A7D-B60B-468A-922F-D78B5CC642F3}.HMI_Release|Win32.ActiveCfg = HMI_Release|Win32
		{15DA0A7D-B60B-468A-922F-D78B5CC642F3}.HMI_Release|Win32.Build.0 = HMI_Release|Win32
		{15DA0A7D-B60B-468A-922F-D78B5CC642F3}.HMI_Release|x64.ActiveCfg = HMI_Release|x64
		{15DA0A7D-B60B-468A-922F-D78B5CC642F3}.HMI_Release|x64.Build.0 = HMI_Release|x64
		{15DA0A7D-B60B-468A-922F-D78B5CC642F3}.HMI_Release|x86.ActiveCfg = HMI_Release|Win32
		{15DA0A7D-B60B-468A-922F-D78B5CC642F3}.HMI_Release|x86.Build.0 = HMI_Release|Win32
		{15DA0A7D-B60B-468A-922F-D78B5CC642F3}.Release|Any CPU.ActiveCfg = Release|Win32
		{15DA0A7D-B60B-468A-922F-D78B5CC642F3}.Release|Win32.ActiveCfg = Release|Win32
		{15DA0A7D-B60B-468A-922F-D78B5CC642F3}.Release|Win32.Build.0 = Release|Win32
		{15DA0A7D-B60B-468A-922F-D78B5CC642F3}.Release|x64.ActiveCfg = Release|x64
		{15DA0A7D-B60B-468A-922F-D78B5CC642F3}.Release|x64.Build.0 = Release|x64
		{15DA0A7D-B60B-468A-922F-D78B5CC642F3}.Release|x86.ActiveCfg = Release|Win32
		{15DA0A7D-B60B-468A-922F-D78B5CC642F3}.Release|x86.Build.0 = Release|Win32
		{85439FD0-5785-42F4-A295-C0EB0D82457F}.Debug|Any CPU.ActiveCfg = Debug|Win32
		{85439FD0-5785-42F4-A295-C0EB0D82457F}.Debug|Win32.ActiveCfg = Debug|Win32
		{85439FD0-5785-42F4-A295-C0EB0D82457F}.Debug|Win32.Build.0 = Debug|Win32
		{85439FD0-5785-42F4-A295-C0EB0D82457F}.Debug|x64.ActiveCfg = Debug|x64
		{85439FD0-5785-42F4-A295-C0EB0D82457F}.Debug|x64.Build.0 = Debug|x64
		{85439FD0-5785-42F4-A295-C0EB0D82457F}.Debug|x86.ActiveCfg = Debug|Win32
		{85439FD0-5785-42F4-A295-C0EB0D82457F}.Debug|x86.Build.0 = Debug|Win32
		{85439FD0-5785-42F4-A295-C0EB0D82457F}.HMI_Debug|Any CPU.ActiveCfg = HMI_Debug|Win32
		{85439FD0-5785-42F4-A295-C0EB0D82457F}.HMI_Debug|Win32.ActiveCfg = HMI_Debug|Win32
		{85439FD0-5785-42F4-A295-C0EB0D82457F}.HMI_Debug|Win32.Build.0 = HMI_Debug|Win32
		{85439FD0-5785-42F4-A295-C0EB0D82457F}.HMI_Debug|x64.ActiveCfg = HMI_Debug|x64
		{85439FD0-5785-42F4-A295-C0EB0D82457F}.HMI_Debug|x64.Build.0 = HMI_Debug|x64
		{85439FD0-5785-42F4-A295-C0EB0D82457F}.HMI_Debug|x86.ActiveCfg = HMI_Debug|Win32
		{85439FD0-5785-42F4-A295-C0EB0D82457F}.HMI_Debug|x86.Build.0 = HMI_Debug|Win32
		{85439FD0-5785-42F4-A295-C0EB0D82457F}.HMI_Release|Any CPU.ActiveCfg = HMI_Release|Win32
		{85439FD0-5785-42F4-A295-C0EB0D82457F}.HMI_Release|Win32.ActiveCfg = HMI_Release|Win32
		{85439FD0-5785-42F4-A295-C0EB0D82457F}.HMI_Release|Win32.Build.0 = HMI_Release|Win32
		{85439FD0-5785-42F4-A295-C0EB0D82457F}.HMI_Release|x64.ActiveCfg = HMI_Release|x64
		{85439FD0-5785-42F4-A295-C0EB0D82457F}.HMI_Release|x64.Build.0 = HMI_Release|x64
		{85439FD0-5785-42F4-A295-C0EB0D82457F}.HMI_Release|x86.ActiveCfg = HMI_Release|Win32
		{85439FD0-5785-42F4-A295-C0EB0D82457F}.HMI_Release|x86.Build.0 = HMI_Release|Win32
		{85439FD0-5785-42F4-A295-C0EB0D82457F}.Release|Any CPU.ActiveCfg = Release|Win32
		{85439FD0-5785-42F4-A295-C0EB0D82457F}.Release|Win32.ActiveCfg = Release|Win32
		{85439FD0-5785-42F4-A295-C0EB0D82457F}.Release|Win32.Build.0 = Release|Win32
		{85439FD0-5785-42F4-A295-C0EB0D82457F}.Release|x64.ActiveCfg = Release|x64
		{85439FD0-5785-42F4-A295-C0EB0D82457F}.Release|x64.Build.0 = Release|x64
		{85439FD0-5785-42F4-A295-C0EB0D82457F}.Release|x86.ActiveCfg = Release|Win32
		{85439FD0-5785-42F4-A295-C0EB0D82457F}.Release|x86.Build.0 = Release|Win32
		{7D1327F4-41C5-4F99-9AF7-EDD580D0E568}.Debug|Any CPU.ActiveCfg = Debug|Win32
		{7D1327F4-41C5-4F99-9AF7-EDD580D0E568}.Debug|Win32.ActiveCfg = Debug|Win32
		{7D1327F4-41C5-4F99-9AF7-EDD580D0E568}.Debug|Win32.Build.0 = Debug|Win32
		{7D1327F4-41C5-4F99-9AF7-EDD580D0E568}.Debug|x64.ActiveCfg = Debug|x64
		{7D1327F4-41C5-4F99-9AF7-EDD580D0E568}.Debug|x64.Build.0 = Debug|x64
		{7D1327F4-41C5-4F99-9AF7-EDD580D0E568}.Debug|x86.ActiveCfg = Debug|Win32
		{7D1327F4-41C5-4F99-9AF7-EDD580D0E568}.Debug|x86.Build.0 = Debug|Win32
		{7D1327F4-41C5-4F99-9AF7-EDD580D0E568}.HMI_Debug|Any CPU.ActiveCfg = HMI_Debug|Win32
		{7D1327F4-41C5-4F99-9AF7-EDD580D0E568}.HMI_Debug|Win32.ActiveCfg = HMI_Debug|Win32
		{7D1327F4-41C5-4F99-9AF7-EDD580D0E568}.HMI_Debug|Win32.Build.0 = HMI_Debug|Win32
		{7D1327F4-41C5-4F99-9AF7-EDD580D0E568}.HMI_Debug|x64.ActiveCfg = HMI_Debug|x64
		{7D1327F4-41C5-4F99-9AF7-EDD580D0E568}.HMI_Debug|x64.Build.0 = HMI_Debug|x64
		{7D1327F4-41C5-4F99-9AF7-EDD580D0E568}.HMI_Debug|x86.ActiveCfg = HMI_Debug|Win32
		{7D1327F4-41C5-4F99-9AF7-EDD580D0E568}.HMI_Debug|x86.Build.0 = HMI_Debug|Win32
		{7D1327F4-41C5-4F99-9AF7-EDD580D0E568}.HMI_Release|Any CPU.ActiveCfg = HMI_Release|Win32
		{7D1327F4-41C5-4F99-9AF7-EDD580D0E568}.HMI_Release|Win32.ActiveCfg = HMI_Release|Win32
		{7D1327F4-41C5-4F99-9AF7-EDD580D0E568}.HMI_Release|Win32.Build.0 = HMI_Release|Win32
		{7D1327F4-41C5-4F99-9AF7-EDD580D0E568}.HMI_Release|x64.ActiveCfg = HMI_Release|x64
		{7D1327F4-41C5-4F99-9AF7-EDD580D0E568}.HMI_Release|x64.Build.0 = HMI_Release|x64
		{7D1327F4-41C5-4F99-9AF7-EDD580D0E568}.HMI_Release|x86.ActiveCfg = HMI_Release|Win32
		{7D1327F4-41C5-4F99-9AF7-EDD580D0E568}.HMI_Release|x86.Build.0 = HMI_Release|Win32
		{7D1327F4-41C5-4F99-9AF7-EDD580D0E568}.Release|Any CPU.ActiveCfg = Release|Win32
		{7D1327F4-41C5-4F99-9AF7-EDD580D0E568}.Release|Win32.ActiveCfg = Release|Win32
		{7D1327F4-41C5-4F99-9AF7-EDD580D0E568}.Release|Win32.Build.0 = Release|Win32
		{7D1327F4-41C5-4F99-9AF7-EDD580D0E568}.Release|x64.ActiveCfg = Release|x64
		{7D1327F4-41C5-4F99-9AF7-EDD580D0E568}.Release|x64.Build.0 = Release|x64
		{7D1327F4-41C5-4F99-9AF7-EDD580D0E568}.Release|x86.ActiveCfg = Release|Win32
		{7D1327F4-41C5-4F99-9AF7-EDD580D0E568}.Release|x86.Build.0 = Release|Win32
		{46D87FD6-5396-4F26-95FA-61077BB18963}.Debug|Any CPU.ActiveCfg = Debug|Win32
		{46D87FD6-5396-4F26-95FA-61077BB18963}.Debug|Win32.ActiveCfg = Debug|Win32
		{46D87FD6-5396-4F26-95FA-61077BB18963}.Debug|Win32.Build.0 = Debug|Win32
		{46D87FD6-5396-4F26-95FA-61077BB18963}.Debug|x64.ActiveCfg = Debug|x64
		{46D87FD6-5396-4F26-95FA-61077BB18963}.Debug|x64.Build.0 = Debug|x64
		{46D87FD6-5396-4F26-95FA-61077BB18963}.Debug|x86.ActiveCfg = Debug|Win32
		{46D87FD6-5396-4F26-95FA-61077BB18963}.Debug|x86.Build.0 = Debug|Win32
		{46D87FD6-5396-4F26-95FA-61077BB18963}.HMI_Debug|Any CPU.ActiveCfg = HMI_Debug|Win32
		{46D87FD6-5396-4F26-95FA-61077BB18963}.HMI_Debug|Win32.ActiveCfg = HMI_Debug|Win32
		{46D87FD6-5396-4F26-95FA-61077BB18963}.HMI_Debug|Win32.Build.0 = HMI_Debug|Win32
		{46D87FD6-5396-4F26-95FA-61077BB18963}.HMI_Debug|x64.ActiveCfg = HMI_Debug|x64
		{46D87FD6-5396-4F26-95FA-61077BB18963}.HMI_Debug|x64.Build.0 = HMI_Debug|x64
		{46D87FD6-5396-4F26-95FA-61077BB18963}.HMI_Debug|x86.ActiveCfg = HMI_Debug|Win32
		{46D87FD6-5396-4F26-95FA-61077BB18963}.HMI_Debug|x86.Build.0 = HMI_Debug|Win32
		{46D87FD6-5396-4F26-95FA-61077BB18963}.HMI_Release|Any CPU.ActiveCfg = HMI_Release|Win32
		{46D87FD6-5396-4F26-95FA-61077BB18963}.HMI_Release|Win32.ActiveCfg = HMI_Release|Win32
		{46D87FD6-5396-4F26-95FA-61077BB18963}.HMI_Release|Win32.Build.0 = HMI_Release|Win32
		{46D87FD6-5396-4F26-95FA-61077BB18963}.HMI_Release|x64.ActiveCfg = HMI_Release|x64
		{46D87FD6-5396-4F26-95FA-61077BB18963}.HMI_Release|x64.Build.0 = HMI_Release|x64
		{46D87FD6-5396-4F26-95FA-61077BB18963}.HMI_Release|x86.ActiveCfg = HMI_Release|Win32
		{46D87FD6-5396-4F26-95FA-61077BB18963}.HMI_Release|x86.Build.0 = HMI_Release|Win32
		{46D87FD6-5396-4F26-95FA-61077BB18963}.Release|Any CPU.ActiveCfg = Release|Win32
		{46D87FD6-5396-4F26-95FA-61077BB18963}.Release|Win32.ActiveCfg = Release|Win32
		{46D87FD6-5396-4F26-95FA-61077BB18963}.Release|Win32.Build.0 = Release|Win32
		{46D87FD6-5396-4F26-95FA-61077BB18963}.Release|x64.ActiveCfg = Release|x64
		{46D87FD6-5396-4F26-95FA-61077BB18963}.Release|x64.Build.0 = Release|x64
		{46D87FD6-5396-4F26-95FA-61077BB18963}.Release|x86.ActiveCfg = Release|Win32
		{46D87FD6-5396-4F26-95FA-61077BB18963}.Release|x86.Build.0 = Release|Win32
		{64E722D6-2480-4211-A2BF-8CCDBD42F222}.Debug|Any CPU.ActiveCfg = Debug|Win32
		{64E722D6-2480-4211-A2BF-8CCDBD42F222}.Debug|Win32.ActiveCfg = Debug|Win32
		{64E722D6-2480-4211-A2BF-8CCDBD42F222}.Debug|Win32.Build.0 = Debug|Win32
		{64E722D6-2480-4211-A2BF-8CCDBD42F222}.Debug|x64.ActiveCfg = Debug|x64
		{64E722D6-2480-4211-A2BF-8CCDBD42F222}.Debug|x64.Build.0 = Debug|x64
		{64E722D6-2480-4211-A2BF-8CCDBD42F222}.Debug|x86.ActiveCfg = Debug|Win32
		{64E722D6-2480-4211-A2BF-8CCDBD42F222}.Debug|x86.Build.0 = Debug|Win32
		{64E722D6-2480-4211-A2BF-8CCDBD42F222}.HMI_Debug|Any CPU.ActiveCfg = HMI_Debug|Win32
		{64E722D6-2480-4211-A2BF-8CCDBD42F222}.HMI_Debug|Win32.ActiveCfg = HMI_Debug|Win32
		{64E722D6-2480-4211-A2BF-8CCDBD42F222}.HMI_Debug|Win32.Build.0 = HMI_Debug|Win32
		{64E722D6-2480-4211-A2BF-8CCDBD42F222}.HMI_Debug|x64.ActiveCfg = HMI_Debug|x64
		{64E722D6-2480-4211-A2BF-8CCDBD42F222}.HMI_Debug|x64.Build.0 = HMI_Debug|x64
		{64E722D6-2480-4211-A2BF-8CCDBD42F222}.HMI_Debug|x86.ActiveCfg = HMI_Debug|Win32
		{64E722D6-2480-4211-A2BF-8CCDBD42F222}.HMI_Debug|x86.Build.0 = HMI_Debug|Win32
		{64E722D6-2480-4211-A2BF-8CCDBD42F222}.HMI_Release|Any CPU.ActiveCfg = HMI_Release|Win32
		{64E722D6-2480-4211-A2BF-8CCDBD42F222}.HMI_Release|Win32.ActiveCfg = HMI_Release|Win32
		{64E722D6-2480-4211-A2BF-8CCDBD42F222}.HMI_Release|Win32.Build.0 = HMI_Release|Win32
		{64E722D6-2480-4211-A2BF-8CCDBD42F222}.HMI_Release|x64.ActiveCfg = HMI_Release|x64
		{64E722D6-2480-4211-A2BF-8CCDBD42F222}.HMI_Release|x64.Build.0 = HMI_Release|x64
		{64E722D6-2480-4211-A2BF-8CCDBD42F222}.HMI_Release|x86.ActiveCfg = HMI_Release|Win32
		{64E722D6-2480-4211-A2BF-8CCDBD42F222}.HMI_Release|x86.Build.0 = HMI_Release|Win32
		{64E722D6-2480-4211-A2BF-8CCDBD42F222}.Release|Any CPU.ActiveCfg = Release|Win32
		{64E722D6-2480-4211-A2BF-8CCDBD42F222}.Release|Win32.ActiveCfg = Release|Win32
		{64E722D6-2480-4211-A2BF-8CCDBD42F222}.Release|Win32.Build.0 = Release|Win32
		{64E722D6-2480-4211-A2BF-8CCDBD42F222}.Release|x64.ActiveCfg = Release|x64
		{64E722D6-2480-4211-A2BF-8CCDBD42F222}.Release|x64.Build.0 = Release|x64
		{64E722D6-2480-4211-A2BF-8CCDBD42F222}.Release|x86.ActiveCfg = Release|Win32
		{64E722D6-2480-4211-A2BF-8CCDBD42F222}.Release|x86.Build.0 = Release|Win32
		{67E8DD22-60F3-44BA-8D82-FD15203AD038}.Debug|Any CPU.ActiveCfg = Debug|Win32
		{67E8DD22-60F3-44BA-8D82-FD15203AD038}.Debug|Win32.ActiveCfg = Debug|Win32
		{67E8DD22-60F3-44BA-8D82-FD15203AD038}.Debug|Win32.Build.0 = Debug|Win32
		{67E8DD22-60F3-44BA-8D82-FD15203AD038}.Debug|x64.ActiveCfg = Debug|x64
		{67E8DD22-60F3-44BA-8D82-FD15203AD038}.Debug|x64.Build.0 = Debug|x64
		{67E8DD22-60F3-44BA-8D82-FD15203AD038}.Debug|x86.ActiveCfg = Debug|Win32
		{67E8DD22-60F3-44BA-8D82-FD15203AD038}.Debug|x86.Build.0 = Debug|Win32
		{67E8DD22-60F3-44BA-8D82-FD15203AD038}.HMI_Debug|Any CPU.ActiveCfg = HMI_Debug|Win32
		{67E8DD22-60F3-44BA-8D82-FD15203AD038}.HMI_Debug|Win32.ActiveCfg = HMI_Debug|Win32
		{67E8DD22-60F3-44BA-8D82-FD15203AD038}.HMI_Debug|Win32.Build.0 = HMI_Debug|Win32
		{67E8DD22-60F3-44BA-8D82-FD15203AD038}.HMI_Debug|x64.ActiveCfg = HMI_Debug|x64
		{67E8DD22-60F3-44BA-8D82-FD15203AD038}.HMI_Debug|x64.Build.0 = HMI_Debug|x64
		{67E8DD22-60F3-44BA-8D82-FD15203AD038}.HMI_Debug|x86.ActiveCfg = HMI_Debug|Win32
		{67E8DD22-60F3-44BA-8D82-FD15203AD038}.HMI_Debug|x86.Build.0 = HMI_Debug|Win32
		{67E8DD22-60F3-44BA-8D82-FD15203AD038}.HMI_Release|Any CPU.ActiveCfg = HMI_Release|Win32
		{67E8DD22-60F3-44BA-8D82-FD15203AD038}.HMI_Release|Win32.ActiveCfg = HMI_Release|Win32
		{67E8DD22-60F3-44BA-8D82-FD15203AD038}.HMI_Release|Win32.Build.0 = HMI_Release|Win32
		{67E8DD22-60F3-44BA-8D82-FD15203AD038}.HMI_Release|x64.ActiveCfg = HMI_Release|x64
		{67E8DD22-60F3-44BA-8D82-FD15203AD038}.HMI_Release|x64.Build.0 = HMI_Release|x64
		{67E8DD22-60F3-44BA-8D82-FD15203AD038}.HMI_Release|x86.ActiveCfg = HMI_Release|Win32
		{67E8DD22-60F3-44BA-8D82-FD15203AD038}.HMI_Release|x86.Build.0 = HMI_Release|Win32
		{67E8DD22-60F3-44BA-8D82-FD15203AD038}.Release|Any CPU.ActiveCfg = Release|Win32
		{67E8DD22-60F3-44BA-8D82-FD15203AD038}.Release|Win32.ActiveCfg = Release|Win32
		{67E8DD22-60F3-44BA-8D82-FD15203AD038}.Release|Win32.Build.0 = Release|Win32
		{67E8DD22-60F3-44BA-8D82-FD15203AD038}.Release|x64.ActiveCfg = Release|x64
		{67E8DD22-60F3-44BA-8D82-FD15203AD038}.Release|x64.Build.0 = Release|x64
		{67E8DD22-60F3-44BA-8D82-FD15203AD038}.Release|x86.ActiveCfg = Release|Win32
		{67E8DD22-60F3-44BA-8D82-FD15203AD038}.Release|x86.Build.0 = Release|Win32
		{7BEE7A7F-388A-40D8-9BD6-28A0E837EE3F}.Debug|Any CPU.ActiveCfg = Debug|Win32
		{7BEE7A7F-388A-40D8-9BD6-28A0E837EE3F}.Debug|Win32.ActiveCfg = Debug|Win32
		{7BEE7A7F-388A-40D8-9BD6-28A0E837EE3F}.Debug|Win32.Build.0 = Debug|Win32
		{7BEE7A7F-388A-40D8-9BD6-28A0E837EE3F}.Debug|x64.ActiveCfg = Debug|x64
		{7BEE7A7F-388A-40D8-9BD6-28A0E837EE3F}.Debug|x64.Build.0 = Debug|x64
		{7BEE7A7F-388A-40D8-9BD6-28A0E837EE3F}.Debug|x86.ActiveCfg = Debug|Win32
		{7BEE7A7F-388A-40D8-9BD6-28A0E837EE3F}.Debug|x86.Build.0 = Debug|Win32
		{7BEE7A7F-388A-40D8-9BD6-28A0E837EE3F}.HMI_Debug|Any CPU.ActiveCfg = HMI_Debug|Win32
		{7BEE7A7F-388A-40D8-9BD6-28A0E837EE3F}.HMI_Debug|Win32.ActiveCfg = HMI_Debug|Win32
		{7BEE7A7F-388A-40D8-9BD6-28A0E837EE3F}.HMI_Debug|Win32.Build.0 = HMI_Debug|Win32
		{7BEE7A7F-388A-40D8-9BD6-28A0E837EE3F}.HMI_Debug|x64.ActiveCfg = HMI_Debug|x64
		{7BEE7A7F-388A-40D8-9BD6-28A0E837EE3F}.HMI_Debug|x64.Build.0 = HMI_Debug|x64
		{7BEE7A7F-388A-40D8-9BD6-28A0E837EE3F}.HMI_Debug|x86.ActiveCfg = HMI_Debug|Win32
		{7BEE7A7F-388A-40D8-9BD6-28A0E837EE3F}.HMI_Debug|x86.Build.0 = HMI_Debug|Win32
		{7BEE7A7F-388A-40D8-9BD6-28A0E837EE3F}.HMI_Release|Any CPU.ActiveCfg = HMI_Release|Win32
		{7BEE7A7F-388A-40D8-9BD6-28A0E837EE3F}.HMI_Release|Win32.ActiveCfg = HMI_Release|Win32
		{7BEE7A7F-388A-40D8-9BD6-28A0E837EE3F}.HMI_Release|Win32.Build.0 = HMI_Release|Win32
		{7BEE7A7F-388A-40D8-9BD6-28A0E837EE3F}.HMI_Release|x64.ActiveCfg = HMI_Release|x64
		{7BEE7A7F-388A-40D8-9BD6-28A0E837EE3F}.HMI_Release|x64.Build.0 = HMI_Release|x64
		{7BEE7A7F-388A-40D8-9BD6-28A0E837EE3F}.HMI_Release|x86.ActiveCfg = HMI_Release|Win32
		{7BEE7A7F-388A-40D8-9BD6-28A0E837EE3F}.HMI_Release|x86.Build.0 = HMI_Release|Win32
		{7BEE7A7F-388A-40D8-9BD6-28A0E837EE3F}.Release|Any CPU.ActiveCfg = Release|Win32
		{7BEE7A7F-388A-40D8-9BD6-28A0E837EE3F}.Release|Win32.ActiveCfg = Release|Win32
		{7BEE7A7F-388A-40D8-9BD6-28A0E837EE3F}.Release|Win32.Build.0 = Release|Win32
		{7BEE7A7F-388A-40D8-9BD6-28A0E837EE3F}.Release|x64.ActiveCfg = Release|x64
		{7BEE7A7F-388A-40D8-9BD6-28A0E837EE3F}.Release|x64.Build.0 = Release|x64
		{7BEE7A7F-388A-40D8-9BD6-28A0E837EE3F}.Release|x86.ActiveCfg = Release|Win32
		{7BEE7A7F-388A-40D8-9BD6-28A0E837EE3F}.Release|x86.Build.0 = Release|Win32
		{C06FC5E1-1E1D-4C5D-81B2-C96BD110A8FB}.Debug|Any CPU.ActiveCfg = Debug|Win32
		{C06FC5E1-1E1D-4C5D-81B2-C96BD110A8FB}.Debug|Win32.ActiveCfg = Debug|Win32
		{C06FC5E1-1E1D-4C5D-81B2-C96BD110A8FB}.Debug|Win32.Build.0 = Debug|Win32
		{C06FC5E1-1E1D-4C5D-81B2-C96BD110A8FB}.Debug|x64.ActiveCfg = Debug|x64
		{C06FC5E1-1E1D-4C5D-81B2-C96BD110A8FB}.Debug|x64.Build.0 = Debug|x64
		{C06FC5E1-1E1D-4C5D-81B2-C96BD110A8FB}.Debug|x86.ActiveCfg = Debug|Win32
		{C06FC5E1-1E1D-4C5D-81B2-C96BD110A8FB}.Debug|x86.Build.0 = Debug|Win32
		{C06FC5E1-1E1D-4C5D-81B2-C96BD110A8FB}.HMI_Debug|Any CPU.ActiveCfg = HMI_Debug|Win32
		{C06FC5E1-1E1D-4C5D-81B2-C96BD110A8FB}.HMI_Debug|Win32.ActiveCfg = HMI_Debug|Win32
		{C06FC5E1-1E1D-4C5D-81B2-C96BD110A8FB}.HMI_Debug|Win32.Build.0 = HMI_Debug|Win32
		{C06FC5E1-1E1D-4C5D-81B2-C96BD110A8FB}.HMI_Debug|x64.ActiveCfg = HMI_Debug|x64
		{C06FC5E1-1E1D-4C5D-81B2-C96BD110A8FB}.HMI_Debug|x64.Build.0 = HMI_Debug|x64
		{C06FC5E1-1E1D-4C5D-81B2-C96BD110A8FB}.HMI_Debug|x86.ActiveCfg = HMI_Debug|Win32
		{C06FC5E1-1E1D-4C5D-81B2-C96BD110A8FB}.HMI_Debug|x86.Build.0 = HMI_Debug|Win32
		{C06FC5E1-1E1D-4C5D-81B2-C96BD110A8FB}.HMI_Release|Any CPU.ActiveCfg = HMI_Release|Win32
		{C06FC5E1-1E1D-4C5D-81B2-C96BD110A8FB}.HMI_Release|Win32.ActiveCfg = HMI_Release|Win32
		{C06FC5E1-1E1D-4C5D-81B2-C96BD110A8FB}.HMI_Release|Win32.Build.0 = HMI_Release|Win32
		{C06FC5E1-1E1D-4C5D-81B2-C96BD110A8FB}.HMI_Release|x64.ActiveCfg = HMI_Release|x64
		{C06FC5E1-1E1D-4C5D-81B2-C96BD110A8FB}.HMI_Release|x64.Build.0 = HMI_Release|x64
		{C06FC5E1-1E1D-4C5D-81B2-C96BD110A8FB}.HMI_Release|x86.ActiveCfg = HMI_Release|Win32
		{C06FC5E1-1E1D-4C5D-81B2-C96BD110A8FB}.HMI_Release|x86.Build.0 = HMI_Release|Win32
		{C06FC5E1-1E1D-4C5D-81B2-C96BD110A8FB}.Release|Any CPU.ActiveCfg = Release|Win32
		{C06FC5E1-1E1D-4C5D-81B2-C96BD110A8FB}.Release|Win32.ActiveCfg = Release|Win32
		{C06FC5E1-1E1D-4C5D-81B2-C96BD110A8FB}.Release|Win32.Build.0 = Release|Win32
		{C06FC5E1-1E1D-4C5D-81B2-C96BD110A8FB}.Release|x64.ActiveCfg = Release|x64
		{C06FC5E1-1E1D-4C5D-81B2-C96BD110A8FB}.Release|x64.Build.0 = Release|x64
		{C06FC5E1-1E1D-4C5D-81B2-C96BD110A8FB}.Release|x86.ActiveCfg = Release|Win32
		{C06FC5E1-1E1D-4C5D-81B2-C96BD110A8FB}.Release|x86.Build.0 = Release|Win32
		{665F7FA7-7FDA-4E18-B118-E641B6F6BDB0}.Debug|Any CPU.ActiveCfg = Debug|Win32
		{665F7FA7-7FDA-4E18-B118-E641B6F6BDB0}.Debug|Win32.ActiveCfg = Debug|Win32
		{665F7FA7-7FDA-4E18-B118-E641B6F6BDB0}.Debug|Win32.Build.0 = Debug|Win32
		{665F7FA7-7FDA-4E18-B118-E641B6F6BDB0}.Debug|x64.ActiveCfg = Debug|x64
		{665F7FA7-7FDA-4E18-B118-E641B6F6BDB0}.Debug|x64.Build.0 = Debug|x64
		{665F7FA7-7FDA-4E18-B118-E641B6F6BDB0}.Debug|x86.ActiveCfg = Debug|Win32
		{665F7FA7-7FDA-4E18-B118-E641B6F6BDB0}.Debug|x86.Build.0 = Debug|Win32
		{665F7FA7-7FDA-4E18-B118-E641B6F6BDB0}.HMI_Debug|Any CPU.ActiveCfg = HMI_Debug|Win32
		{665F7FA7-7FDA-4E18-B118-E641B6F6BDB0}.HMI_Debug|Win32.ActiveCfg = HMI_Debug|Win32
		{665F7FA7-7FDA-4E18-B118-E641B6F6BDB0}.HMI_Debug|Win32.Build.0 = HMI_Debug|Win32
		{665F7FA7-7FDA-4E18-B118-E641B6F6BDB0}.HMI_Debug|x64.ActiveCfg = HMI_Debug|x64
		{665F7FA7-7FDA-4E18-B118-E641B6F6BDB0}.HMI_Debug|x64.Build.0 = HMI_Debug|x64
		{665F7FA7-7FDA-4E18-B118-E641B6F6BDB0}.HMI_Debug|x86.ActiveCfg = HMI_Debug|Win32
		{665F7FA7-7FDA-4E18-B118-E641B6F6BDB0}.HMI_Debug|x86.Build.0 = HMI_Debug|Win32
		{665F7FA7-7FDA-4E18-B118-E641B6F6BDB0}.HMI_Release|Any CPU.ActiveCfg = HMI_Release|Win32
		{665F7FA7-7FDA-4E18-B118-E641B6F6BDB0}.HMI_Release|Win32.ActiveCfg = HMI_Release|Win32
		{665F7FA7-7FDA-4E18-B118-E641B6F6BDB0}.HMI_Release|Win32.Build.0 = HMI_Release|Win32
		{665F7FA7-7FDA-4E18-B118-E641B6F6BDB0}.HMI_Release|x64.ActiveCfg = HMI_Release|x64
		{665F7FA7-7FDA-4E18-B118-E641B6F6BDB0}.HMI_Release|x64.Build.0 = HMI_Release|x64
		{665F7FA7-7FDA-4E18-B118-E641B6F6BDB0}.HMI_Release|x86.ActiveCfg = HMI_Release|Win32
		{665F7FA7-7FDA-4E18-B118-E641B6F6BDB0}.HMI_Release|x86.Build.0 = HMI_Release|Win32
		{665F7FA7-7FDA-4E18-B118-E641B6F6BDB0}.Release|Any CPU.ActiveCfg = Release|Win32
		{665F7FA7-7FDA-4E18-B118-E641B6F6BDB0}.Release|Win32.ActiveCfg = Release|Win32
		{665F7FA7-7FDA-4E18-B118-E641B6F6BDB0}.Release|Win32.Build.0 = Release|Win32
		{665F7FA7-7FDA-4E18-B118-E641B6F6BDB0}.Release|x64.ActiveCfg = Release|x64
		{665F7FA7-7FDA-4E18-B118-E641B6F6BDB0}.Release|x64.Build.0 = Release|x64
		{665F7FA7-7FDA-4E18-B118-E641B6F6BDB0}.Release|x86.ActiveCfg = Release|Win32
		{665F7FA7-7FDA-4E18-B118-E641B6F6BDB0}.Release|x86.Build.0 = Release|Win32
	EndGlobalSection
	GlobalSection(SolutionProperties) = preSolution
		HideSolutionNode = FALSE
	EndGlobalSection
	GlobalSection(NestedProjects) = preSolution
		{D30DDB93-E926-45A0-9F47-D32D4D0F3041} = {767B2DDD-6B29-457F-9726-5A0BC0D67EE0}
		{A1932B5E-E2E0-4F33-A817-F20D5E93EB60} = {D30DDB93-E926-45A0-9F47-D32D4D0F3041}
		{05AF489D-AAAB-44A6-898C-25CD221A23ED} = {D30DDB93-E926-45A0-9F47-D32D4D0F3041}
		{838B1209-0D49-41D1-987C-9D661F341C95} = {767B2DDD-6B29-457F-9726-5A0BC0D67EE0}
		{3E7FD125-E6A3-4157-8DE8-88EEE14C0EC8} = {767B2DDD-6B29-457F-9726-5A0BC0D67EE0}
		{261C6C66-EBD7-42EB-BE9F-32337F3B15CE} = {0064748C-6EA3-4FC3-91A4-D40429BE5939}
		{C2C2A4EA-4E49-48F9-872D-7F1A3EDFEEFC} = {B503A153-FD9D-49D6-994C-C9473C19D19C}
		{80FD07FA-AFCE-4902-87C0-28E13604F6DC} = {B503A153-FD9D-49D6-994C-C9473C19D19C}
		{C6A8A155-A1F0-4E14-AA89-64352F369ACD} = {9B1A6C6F-062A-42D3-9B85-2C898592E2C5}
		{E070AAFC-9D03-41A3-BC7D-30887EA0D50F} = {9B1A6C6F-062A-42D3-9B85-2C898592E2C5}
		{A90E61CB-179F-4972-810B-D4FFC2EFF389} = {9B1A6C6F-062A-42D3-9B85-2C898592E2C5}
		{15DA0A7D-B60B-468A-922F-D78B5CC642F3} = {767B2DDD-6B29-457F-9726-5A0BC0D67EE0}
		{85439FD0-5785-42F4-A295-C0EB0D82457F} = {767B2DDD-6B29-457F-9726-5A0BC0D67EE0}
		{7D1327F4-41C5-4F99-9AF7-EDD580D0E568} = {767B2DDD-6B29-457F-9726-5A0BC0D67EE0}
		{46D87FD6-5396-4F26-95FA-61077BB18963} = {767B2DDD-6B29-457F-9726-5A0BC0D67EE0}
		{64E722D6-2480-4211-A2BF-8CCDBD42F222} = {767B2DDD-6B29-457F-9726-5A0BC0D67EE0}
		{67E8DD22-60F3-44BA-8D82-FD15203AD038} = {9B1A6C6F-062A-42D3-9B85-2C898592E2C5}
		{7BEE7A7F-388A-40D8-9BD6-28A0E837EE3F} = {D30DDB93-E926-45A0-9F47-D32D4D0F3041}
		{C06FC5E1-1E1D-4C5D-81B2-C96BD110A8FB} = {D30DDB93-E926-45A0-9F47-D32D4D0F3041}
		{665F7FA7-7FDA-4E18-B118-E641B6F6BDB0} = {D30DDB93-E926-45A0-9F47-D32D4D0F3041}
	EndGlobalSection
	GlobalSection(ExtensibilityGlobals) = postSolution
		SolutionGuid = {1A98CA0B-DD97-44AA-904C-23CA89B6660D}
	EndGlobalSection
EndGlobal
