<?xml version="1.0" encoding="utf-8"?>
<Project ToolsVersion="4.0" xmlns="http://schemas.microsoft.com/developer/msbuild/2003">
  <ItemGroup>
    <Filter Include="头文件">
      <UniqueIdentifier>{93995380-89BD-4b04-88EB-625FBE52EBFB}</UniqueIdentifier>
      <Extensions>h;hh;hpp;hxx;hm;inl;inc;ipp;xsd</Extensions>
    </Filter>
    <Filter Include="源文件">
      <UniqueIdentifier>{4FC737F1-C7A5-4376-A066-2A32D752A2FF}</UniqueIdentifier>
      <Extensions>cpp;c;cc;cxx;def;odl;idl;hpj;bat;asm;asmx</Extensions>
    </Filter>
    <Filter Include="源文件\demo">
      <UniqueIdentifier>{59a8efa4-c9d8-443c-a1a2-3fb2b62c29e4}</UniqueIdentifier>
    </Filter>
  </ItemGroup>
  <ItemGroup>
    <ClCompile Include="src\Main.cpp">
      <Filter>源文件</Filter>
    </ClCompile>
    <ClCompile Include="src\demo\HmiCore_Test_Run.cpp">
      <Filter>源文件</Filter>
    </ClCompile>
    <ClCompile Include="src\demo\Breakpad_Test_Use.cpp">
      <Filter>源文件</Filter>
    </ClCompile>
    <ClCompile Include="src\demo\DataService_Test_PSW.cpp">
      <Filter>源文件</Filter>
    </ClCompile>
    <ClCompile Include="src\demo\TrendChart_Test_Run.cpp">
      <Filter>源文件</Filter>
    </ClCompile>
    <ClCompile Include="src\demo\Log4cpp_Test_Use.cpp">
      <Filter>源文件</Filter>
    </ClCompile>
    <ClCompile Include="src\demo\Serialize_Test_Memory.cpp">
      <Filter>源文件</Filter>
    </ClCompile>
    <ClCompile Include="src\TemplateDemo\WindowDemo.cpp">
      <Filter>源文件</Filter>
    </ClCompile>
    <ClCompile Include="src\TestHelper\WindowTestHelper.cpp">
      <Filter>源文件</Filter>
    </ClCompile>
    <ClCompile Include="src\TestHelper\ProjectTestHelper.cpp">
      <Filter>源文件</Filter>
    </ClCompile>
    <ClCompile Include="src\zhaojiaqi\Motor\MotorTest.cpp">
      <Filter>源文件</Filter>
    </ClCompile>
    <ClCompile Include="src\qd\GDynPicTest\GDynPicTest.cpp">
      <Filter>源文件</Filter>
    </ClCompile>
    <ClCompile Include="src\qd\GPolyLineTest\GPolyLineTest.cpp">
      <Filter>源文件</Filter>
    </ClCompile>
    <ClCompile Include="src\zhaojiaqi\Date\DateTest.cpp">
      <Filter>源文件</Filter>
    </ClCompile>
    <ClCompile Include="src\qd\TableTest\TableTest.cpp">
      <Filter>源文件</Filter>
    </ClCompile>
    <ClCompile Include="src\qd\DropMenuTest\DropMenuTest.cpp">
      <Filter>源文件</Filter>
    </ClCompile>
    <ClCompile Include="src\qd\SlideInputTest\SlideInputTest.cpp">
      <Filter>源文件</Filter>
    </ClCompile>
    <ClCompile Include="src\TangYao\Valve\ValveTest.cpp">
      <Filter>源文件</Filter>
    </ClCompile>
    <ClCompile Include="src\TangYao\Stirrer\StirrerTest.cpp">
      <Filter>源文件</Filter>
    </ClCompile>
    <ClCompile Include="src\TangYao\PieChart\PieChartTest.cpp">
      <Filter>源文件</Filter>
    </ClCompile>
    <ClCompile Include="src\TangYao\WaterPump\WaterPumpTest.cpp">
      <Filter>源文件</Filter>
    </ClCompile>
    <ClCompile Include="src\qd\FluidTest\FluidTest.cpp">
      <Filter>源文件</Filter>
    </ClCompile>
    <ClCompile Include="src\qd\GifTest\GifTest.cpp">
      <Filter>源文件</Filter>
    </ClCompile>
    <ClCompile Include="src\qd\KeyPadTest\KeyPadTest.cpp">
      <Filter>源文件</Filter>
    </ClCompile>
    <ClCompile Include="src\qd\BtnPilotLampTest\BtnPilotLampTest.cpp">
      <Filter>源文件</Filter>
    </ClCompile>
    <ClCompile Include="src\qd\PilotLampTest\PilotLampTest.cpp">
      <Filter>源文件</Filter>
    </ClCompile>
    <ClCompile Include="src\qd\GLineTest\GLineTest.cpp">
      <Filter>源文件</Filter>
    </ClCompile>
    <ClCompile Include="src\qd\GArcTest\GArcTest.cpp">
      <Filter>源文件</Filter>
    </ClCompile>
    <ClCompile Include="src\qd\GCircleTest\GCircleTest.cpp">
      <Filter>源文件</Filter>
    </ClCompile>
    <ClCompile Include="src\qd\GRectangleTest\GRectangleTest.cpp">
      <Filter>源文件</Filter>
    </ClCompile>
    <ClCompile Include="src\zhaojiaqi\GStickChart\GStickChartTest.cpp">
      <Filter>源文件</Filter>
    </ClCompile>
    <ClCompile Include="src\qd\StaticStringTest\StaticStringTest.cpp">
      <Filter>源文件</Filter>
    </ClCompile>
    <ClCompile Include="src\qd\DigitalDisplayTest\DigitalDisplayTest.cpp">
      <Filter>源文件</Filter>
    </ClCompile>
    <ClCompile Include="src\qd\DigitalInputTest\DigitalInputTest.cpp">
      <Filter>源文件</Filter>
    </ClCompile>
    <ClCompile Include="src\qd\CharacterDisplayTest\CharacterDisplayTest.cpp">
      <Filter>源文件</Filter>
    </ClCompile>
    <ClCompile Include="src\zhaojiaqi\Scale\ScaleTest.cpp">
      <Filter>源文件</Filter>
    </ClCompile>
    <ClCompile Include="src\qd\TrendChartTest\TrendChartTest.cpp">
      <Filter>源文件</Filter>
    </ClCompile>
    <ClCompile Include="src\qd\MultiStatusKeypadTest\MultiStatusKeypadTest.cpp">
      <Filter>源文件</Filter>
    </ClCompile>
    <ClCompile Include="src\qd\MultiPilotLampTest\MultiPilotLampTest.cpp">
      <Filter>源文件</Filter>
    </ClCompile>
    <ClCompile Include="src\TangYao\Sample\SampleTest.cpp">
      <Filter>源文件</Filter>
    </ClCompile>
    <ClCompile Include="src\zhaojiaqi\Dashboard\DashboardTest.cpp">
      <Filter>源文件</Filter>
    </ClCompile>
    <ClCompile Include="src\qd\VarStringTest\VarStringTest.cpp">
      <Filter>源文件</Filter>
    </ClCompile>
    <ClCompile Include="src\qd\CharacterInputTest\CharacterInputTest.cpp">
      <Filter>源文件</Filter>
    </ClCompile>
    <ClCompile Include="src\qd\ChineseDisplayTest\ChineseDisplayTest.cpp">
      <Filter>源文件</Filter>
    </ClCompile>
    <ClCompile Include="src\qd\PinYinPageTest\PinYinPageTest.cpp">
      <Filter>源文件</Filter>
    </ClCompile>
    <ClCompile Include="src\qd\ChineseInputTest\ChineseInputTest.cpp">
      <Filter>源文件</Filter>
    </ClCompile>
    <ClCompile Include="src\qd\ReportFormTest\ReportFormTest.cpp">
      <Filter>源文件</Filter>
    </ClCompile>
    <ClCompile Include="src\qd\XYLineChartTest\XYLineChartTest.cpp">
      <Filter>源文件</Filter>
    </ClCompile>
    <ClCompile Include="src\qd\AlarmDisplayTest\AlarmDisplayTest.cpp">
      <Filter>源文件</Filter>
    </ClCompile>
    <ClCompile Include="src\zhaojiaqi\BarCode\BarCodeTest.cpp">
      <Filter>源文件</Filter>
    </ClCompile>
    <ClCompile Include="src\zhaojiaqi\AlarmBar\AlarmBarTest.cpp">
      <Filter>源文件</Filter>
    </ClCompile>
    <ClCompile Include="src\TangYao\Alarm\AlarmTest.cpp">
      <Filter>源文件</Filter>
    </ClCompile>
    <ClCompile Include="src\qd\XYTrendTest\XYTrendTest.cpp">
      <Filter>源文件</Filter>
    </ClCompile>
    <ClCompile Include="src\qd\DataTableTest\DataTableTest.cpp">
      <Filter>源文件</Filter>
    </ClCompile>
  </ItemGroup>
  <ItemGroup>
    <ClInclude Include="src\demo\HmiCore_Test_Run.h">
      <Filter>头文件</Filter>
    </ClInclude>
    <ClInclude Include="src\demo\BaseTest.h">
      <Filter>头文件</Filter>
    </ClInclude>
    <ClInclude Include="src\demo\Breakpad_Test_Use.h">
      <Filter>头文件</Filter>
    </ClInclude>
    <ClInclude Include="src\demo\DataService_Test_PSW.h">
      <Filter>头文件</Filter>
    </ClInclude>
    <ClInclude Include="src\demo\Gtest_test_Use.h">
      <Filter>头文件</Filter>
    </ClInclude>
    <ClInclude Include="src\demo\TrendChart_Test_Run.h">
      <Filter>头文件</Filter>
    </ClInclude>
    <ClInclude Include="src\demo\Log4cpp_Test_Use.h">
      <Filter>头文件</Filter>
    </ClInclude>
    <ClInclude Include="src\demo\Serialize_Test_Memory.h">
      <Filter>头文件</Filter>
    </ClInclude>
    <ClInclude Include="src\TemplateDemo\WindowDemo.h">
      <Filter>头文件</Filter>
    </ClInclude>
    <ClInclude Include="src\TestHelper\WindowTestHelper.h">
      <Filter>头文件</Filter>
    </ClInclude>
    <ClInclude Include="src\TestHelper\ProjectTestHelper.h">
      <Filter>头文件</Filter>
    </ClInclude>
    <ClInclude Include="src\qd\GDynPicTest\GDynPicTest.h">
      <Filter>头文件</Filter>
    </ClInclude>
    <ClInclude Include="src\qd\GPolyLineTest\GPolyLineTest.h">
      <Filter>头文件</Filter>
    </ClInclude>
    <ClInclude Include="src\zhaojiaqi\Motor\MotorTest.h">
      <Filter>头文件</Filter>
    </ClInclude>
    <ClInclude Include="src\zhaojiaqi\Date\DateTest.h">
      <Filter>头文件</Filter>
    </ClInclude>
    <ClInclude Include="src\qd\TableTest\TableTest.h">
      <Filter>头文件</Filter>
    </ClInclude>
    <ClInclude Include="src\qd\DropMenuTest\DropMenuTest.h">
      <Filter>头文件</Filter>
    </ClInclude>
    <ClInclude Include="src\qd\SlideInputTest\SlideInputTest.h">
      <Filter>头文件</Filter>
    </ClInclude>
    <ClInclude Include="src\TangYao\Valve\ValveTest.h">
      <Filter>头文件</Filter>
    </ClInclude>
    <ClInclude Include="src\TangYao\Stirrer\StirrerTest.h">
      <Filter>头文件</Filter>
    </ClInclude>
    <ClInclude Include="src\TangYao\PieChart\PieChartTest.h">
      <Filter>头文件</Filter>
    </ClInclude>
    <ClInclude Include="src\TangYao\WaterPump\WaterPumpTest.h">
      <Filter>头文件</Filter>
    </ClInclude>
    <ClInclude Include="src\qd\FluidTest\FluidTest.h">
      <Filter>头文件</Filter>
    </ClInclude>
    <ClInclude Include="src\qd\GifTest\GifTest.h">
      <Filter>头文件</Filter>
    </ClInclude>
    <ClInclude Include="src\qd\KeyPadTest\KeyPadTest.h">
      <Filter>头文件</Filter>
    </ClInclude>
    <ClInclude Include="src\qd\BtnPilotLampTest\BtnPilotLampTest.h">
      <Filter>头文件</Filter>
    </ClInclude>
    <ClInclude Include="src\qd\PilotLampTest\PilotLampTest.h">
      <Filter>头文件</Filter>
    </ClInclude>
    <ClInclude Include="src\qd\GLineTest\GLineTest.h">
      <Filter>头文件</Filter>
    </ClInclude>
    <ClInclude Include="src\qd\GArcTest\GArcTest.h">
      <Filter>头文件</Filter>
    </ClInclude>
    <ClInclude Include="src\qd\GCircleTest\GCircleTest.h">
      <Filter>头文件</Filter>
    </ClInclude>
    <ClInclude Include="src\qd\GRectangleTest\GRectangleTest.h">
      <Filter>头文件</Filter>
    </ClInclude>
    <ClInclude Include="src\zhaojiaqi\GStickChart\GStickChartTest.h">
      <Filter>头文件</Filter>
    </ClInclude>
    <ClInclude Include="src\zhaojiaqi\GStickChart\GStickChart.h">
      <Filter>头文件</Filter>
    </ClInclude>
    <ClInclude Include="src\qd\StaticStringTest\StaticStringTest.h">
      <Filter>头文件</Filter>
    </ClInclude>
    <ClInclude Include="src\zhaojiaqi\GStickChart\GStickChart.h">
      <Filter>头文件</Filter>
    </ClInclude>
    <ClInclude Include="src\qd\DigitalDisplayTest\DigitalDisplayTest.h">
      <Filter>头文件</Filter>
    </ClInclude>
    <ClInclude Include="src\zhaojiaqi\Scale\ScaleTest.h">
      <Filter>头文件</Filter>
    </ClInclude>
    <ClInclude Include="src\qd\DigitalInputTest\DigitalInputTest.h">
      <Filter>头文件</Filter>
    </ClInclude>
    <ClInclude Include="src\qd\CharacterDisplayTest\CharacterDisplayTest.h">
      <Filter>头文件</Filter>
    </ClInclude>
    <ClInclude Include="src\TangYao\Sample\SampleTest.h">
      <Filter>头文件</Filter>
    </ClInclude>
    <ClInclude Include="src\qd\TrendChartTest\TrendChartTest.h">
      <Filter>头文件</Filter>
    </ClInclude>
    <ClInclude Include="src\qd\MultiStatusKeypadTest\MultiStatusKeypadTest.h">
      <Filter>头文件</Filter>
    </ClInclude>
    <ClInclude Include="src\qd\MultiPilotLampTest\MultiPilotLampTest.h">
      <Filter>头文件</Filter>
    </ClInclude>
    <ClInclude Include="src\zhaojiaqi\Dashboard\DashboardTest.h">
      <Filter>头文件</Filter>
    </ClInclude>
    <ClInclude Include="src\qd\VarStringTest\VarStringTest.h">
      <Filter>头文件</Filter>
    </ClInclude>
    <ClInclude Include="src\qd\CharacterInputTest\CharacterInputTest.h">
      <Filter>头文件</Filter>
    </ClInclude>
    <ClInclude Include="src\qd\ChineseDisplayTest\ChineseDisplayTest.h">
      <Filter>头文件</Filter>
    </ClInclude>
    <ClInclude Include="src\qd\PinYinPageTest\PinYinPageTest.h">
      <Filter>头文件</Filter>
    </ClInclude>
    <ClInclude Include="src\qd\ChineseInputTest\ChineseInputTest.h">
      <Filter>头文件</Filter>
    </ClInclude>
    <ClInclude Include="src\qd\ReportFormTest\ReportFormTest.h">
      <Filter>头文件</Filter>
    </ClInclude>
    <ClInclude Include="src\qd\XYLineChartTest\XYLineChartTest.h">
      <Filter>头文件</Filter>
    </ClInclude>
    <ClInclude Include="src\qd\AlarmDisplayTest\AlarmDisplayTest.h">
      <Filter>头文件</Filter>
    </ClInclude>
    <ClInclude Include="src\zhaojiaqi\BarCode\BarCodeTest.h">
      <Filter>头文件</Filter>
    </ClInclude>
    <ClInclude Include="src\zhaojiaqi\AlarmBar\AlarmBarTest.h">
      <Filter>头文件</Filter>
    </ClInclude>
    <ClInclude Include="src\TangYao\Alarm\AlarmTest.h">
      <Filter>头文件</Filter>
    </ClInclude>
    <ClInclude Include="src\qd\XYTrendTest\XYTrendTest.h">
      <Filter>头文件</Filter>
    </ClInclude>
    <ClInclude Include="src\qd\DataTableTest\DataTableTest.h">
      <Filter>头文件</Filter>
    </ClInclude>
  </ItemGroup>
</Project>