<?xml version="1.0" encoding="utf-8"?>
<Project ToolsVersion="4.0" xmlns="http://schemas.microsoft.com/developer/msbuild/2003">
  <ItemGroup>
    <Filter Include="源文件">
      <UniqueIdentifier>{4FC737F1-C7A5-4376-A066-2A32D752A2FF}</UniqueIdentifier>
      <Extensions>cpp;c;cc;cxx;def;odl;idl;hpj;bat;asm;asmx</Extensions>
    </Filter>
    <Filter Include="头文件">
      <UniqueIdentifier>{93995380-89BD-4b04-88EB-625FBE52EBFB}</UniqueIdentifier>
      <Extensions>h;hh;hpp;hxx;hm;inl;inc;ipp;xsd</Extensions>
    </Filter>
    <Filter Include="源文件\Comm">
      <UniqueIdentifier>{9f392cab-14fe-424d-861f-bb0a9dfe6322}</UniqueIdentifier>
    </Filter>
  </ItemGroup>
  <ItemGroup>
    <ClInclude Include="Include\SaveFileRes.h">
      <Filter>头文件</Filter>
    </ClInclude>
    <ClInclude Include="Include\SampleInfoRes.h">
      <Filter>头文件</Filter>
    </ClInclude>
    <ClInclude Include="include\TrendChartConfig.h">
      <Filter>头文件</Filter>
    </ClInclude>
    <ClInclude Include="include\TrendViewUnit.h">
      <Filter>头文件</Filter>
    </ClInclude>
    <ClInclude Include="include\DataSampleConfig.h">
      <Filter>头文件</Filter>
    </ClInclude>
    <ClInclude Include="include\TrendChannel.h">
      <Filter>头文件</Filter>
    </ClInclude>
    <ClInclude Include="include\SlideInputConfig.h">
      <Filter>头文件</Filter>
    </ClInclude>
    <ClInclude Include="include\NoticesAction.h">
      <Filter>头文件</Filter>
    </ClInclude>
    <ClInclude Include="include\StirrerConfig.h">
      <Filter>头文件</Filter>
    </ClInclude>
    <ClInclude Include="include\PieChartConfig.h">
      <Filter>头文件</Filter>
    </ClInclude>
    <ClInclude Include="include\ValveConfig.h">
      <Filter>头文件</Filter>
    </ClInclude>
    <ClInclude Include="include\WaterPumpConfig.h">
      <Filter>头文件</Filter>
    </ClInclude>
    <ClInclude Include="include\AlarmInputConfig.h">
      <Filter>头文件</Filter>
    </ClInclude>
    <ClInclude Include="include\AlarmInfoRes.h">
      <Filter>头文件</Filter>
    </ClInclude>
    <ClInclude Include="include\AlarmDisplayConfig.h">
      <Filter>头文件</Filter>
    </ClInclude>
    <ClInclude Include="include\Permission.h">
      <Filter>头文件</Filter>
    </ClInclude>
    <ClInclude Include="include\AlarmTableUnit.h">
      <Filter>头文件</Filter>
    </ClInclude>
    <ClInclude Include="include\AlarmSeekUnit.h">
      <Filter>头文件</Filter>
    </ClInclude>
    <ClInclude Include="include\AlarmWinConfig.h">
      <Filter>头文件</Filter>
    </ClInclude>
    <ClInclude Include="include\DataRecipeConfig.h">
      <Filter>头文件</Filter>
    </ClInclude>
    <ClInclude Include="include\RecipeInfoRes.h">
      <Filter>头文件</Filter>
    </ClInclude>
    <ClInclude Include="include\RecipeChartConfig.h">
      <Filter>头文件</Filter>
    </ClInclude>
    <ClInclude Include="include\RecipeFormUnit.h">
      <Filter>头文件</Filter>
    </ClInclude>
    <ClInclude Include="include\GFuncConfig.h">
      <Filter>头文件</Filter>
    </ClInclude>
    <ClInclude Include="include\AdvanceFuncConfig.h">
      <Filter>头文件</Filter>
    </ClInclude>
    <ClInclude Include="include\AdvanceActionMode.h">
      <Filter>头文件</Filter>
    </ClInclude>
    <ClInclude Include="include\AdvanceFuncRes.h">
      <Filter>头文件</Filter>
    </ClInclude>
    <ClInclude Include="include\DataTableConfig.h">
      <Filter>头文件</Filter>
    </ClInclude>
    <ClInclude Include="include\DataTableUnit.h">
      <Filter>头文件</Filter>
    </ClInclude>
    <ClInclude Include="include\FanConfig.h">
      <Filter>头文件</Filter>
    </ClInclude>
    <ClInclude Include="include\TimerConfig.h">
      <Filter>头文件</Filter>
    </ClInclude>
    <ClInclude Include="include\BackLightConfig.h">
      <Filter>头文件</Filter>
    </ClInclude>
    <ClInclude Include="include\PrintSetConfig.h">
      <Filter>头文件</Filter>
    </ClInclude>
    <ClInclude Include="include\ProjectSetting.h">
      <Filter>头文件</Filter>
    </ClInclude>
    <ClInclude Include="include\OperatorChartConfig.h">
      <Filter>头文件</Filter>
    </ClInclude>
    <ClInclude Include="include\OperatorRecordConfig.h">
      <Filter>头文件</Filter>
    </ClInclude>
    <ClInclude Include="include\CHirePurchase.h">
      <Filter>头文件</Filter>
    </ClInclude>
    <ClInclude Include="include\JudgeCondition.h">
      <Filter>头文件</Filter>
    </ClInclude>
    <ClInclude Include="include\SysSetGConfig.h">
      <Filter>头文件</Filter>
    </ClInclude>
  </ItemGroup>
  <ItemGroup>
    <ClCompile Include="src\AlarmInfoRes.cpp">
      <Filter>源文件</Filter>
    </ClCompile>
    <ClCompile Include="src\BaseBuilderCls.cpp">
      <Filter>源文件</Filter>
    </ClCompile>
    <ClCompile Include="src\BtnFunctionRes.cpp">
      <Filter>源文件</Filter>
    </ClCompile>
    <ClCompile Include="src\DataVarInfo.cpp">
      <Filter>源文件</Filter>
    </ClCompile>
    <ClCompile Include="src\HMIProject.cpp">
      <Filter>源文件</Filter>
    </ClCompile>
    <ClCompile Include="src\ImageResId.cpp">
      <Filter>源文件</Filter>
    </ClCompile>
    <ClCompile Include="src\ProjectDataTables.cpp">
      <Filter>源文件</Filter>
    </ClCompile>
    <ClCompile Include="src\ProjectInfo.cpp">
      <Filter>源文件</Filter>
    </ClCompile>
    <ClCompile Include="src\ProjectMacros.cpp">
      <Filter>源文件</Filter>
    </ClCompile>
    <ClCompile Include="src\ProjectPages.cpp">
      <Filter>源文件</Filter>
    </ClCompile>
    <ClCompile Include="src\ProjectPortVarsInfo.cpp">
      <Filter>源文件</Filter>
    </ClCompile>
    <ClCompile Include="src\ProjectResources.cpp">
      <Filter>源文件</Filter>
    </ClCompile>
    <ClCompile Include="src\ProjectSetting.cpp">
      <Filter>源文件</Filter>
    </ClCompile>
    <ClCompile Include="src\SampleInfoRes.cpp">
      <Filter>源文件</Filter>
    </ClCompile>
    <ClCompile Include="src\StatusRes.cpp">
      <Filter>源文件</Filter>
    </ClCompile>
    <ClCompile Include="src\StringStyle.cpp">
      <Filter>源文件</Filter>
    </ClCompile>
    <ClCompile Include="src\TrendChannel.cpp">
      <Filter>源文件</Filter>
    </ClCompile>
    <ClCompile Include="src\ReportChannel.cpp">
      <Filter>源文件</Filter>
    </ClCompile>
    <ClCompile Include="src\NoticesAction.cpp">
      <Filter>源文件</Filter>
    </ClCompile>
    <ClCompile Include="src\ScaleInfo.cpp">
      <Filter>源文件</Filter>
    </ClCompile>
    <ClCompile Include="src\XYLineChannel.cpp">
      <Filter>源文件</Filter>
    </ClCompile>
    <ClCompile Include="src\RecipeInfoRes.cpp">
      <Filter>源文件</Filter>
    </ClCompile>
    <ClCompile Include="src\AdvanceFuncRes.cpp">
      <Filter>源文件</Filter>
    </ClCompile>
    <ClCompile Include="src\DataTableUnit.cpp">
      <Filter>源文件</Filter>
    </ClCompile>
    <ClCompile Include="src\ProjectDevice.cpp">
      <Filter>源文件</Filter>
    </ClCompile>
    <ClCompile Include="src\ProjectSystemSet.cpp">
      <Filter>源文件</Filter>
    </ClCompile>
    <ClCompile Include="src\OperatorChartConfig.cpp">
      <Filter>源文件</Filter>
    </ClCompile>
    <ClCompile Include="src\OperatorRecordConfig.cpp">
      <Filter>源文件</Filter>
    </ClCompile>
    <ClCompile Include="src\CHirePurchase.cpp">
      <Filter>源文件</Filter>
    </ClCompile>
    <ClCompile Include="src\JudgeCondition.cpp">
      <Filter>源文件</Filter>
    </ClCompile>
  </ItemGroup>
</Project>